// !$*UTF8*$!
{
	archiveVersion = 1;
	classes = {
	};
	objectVersion = 50;
	objects = {

/* Begin PBXBuildFile section */
		4C50EDD52510EC5900438D00 /* CircularProgressRingApp.swift in Sources */ = {isa = PBXBuildFile; fileRef = 4C50EDD42510EC5900438D00 /* CircularProgressRingApp.swift */; };
		4C50EDD72510EC5900438D00 /* ContentView.swift in Sources */ = {isa = PBXBuildFile; fileRef = 4C50EDD62510EC5900438D00 /* ContentView.swift */; };
		4C50EDD92510EC5E00438D00 /* Assets.xcassets in Resources */ = {isa = PBXBuildFile; fileRef = 4C50EDD82510EC5E00438D00 /* Assets.xcassets */; };
		4C50EDDC2510EC5E00438D00 /* Preview Assets.xcassets in Resources */ = {isa = PBXBuildFile; fileRef = 4C50EDDB2510EC5E00438D00 /* Preview Assets.xcassets */; };
		4C50EDE42510EC8500438D00 /* README.md in Resources */ = {isa = PBXBuildFile; fileRef = 4C50EDE32510EC8500438D00 /* README.md */; };
		4C50EDE62510F1F600438D00 /* CircularProgressRingAnimation.gif in Resources */ = {isa = PBXBuildFile; fileRef = 4C50EDE52510F1F600438D00 /* CircularProgressRingAnimation.gif */; };
/* End PBXBuildFile section */

/* Begin PBXFileReference section */
		4C50EDD12510EC5900438D00 /* CircularProgressRing.app */ = {isa = PBXFileReference; explicitFileType = wrapper.application; includeInIndex = 0; path = CircularProgressRing.app; sourceTree = BUILT_PRODUCTS_DIR; };
		4C50EDD42510EC5900438D00 /* CircularProgressRingApp.swift */ = {isa = PBXFileReference; lastKnownFileType = sourcecode.swift; path = CircularProgressRingApp.swift; sourceTree = "<group>"; };
		4C50EDD62510EC5900438D00 /* ContentView.swift */ = {isa = PBXFileReference; lastKnownFileType = sourcecode.swift; path = ContentView.swift; sourceTree = "<group>"; };
		4C50EDD82510EC5E00438D00 /* Assets.xcassets */ = {isa = PBXFileReference; lastKnownFileType = folder.assetcatalog; path = Assets.xcassets; sourceTree = "<group>"; };
		4C50EDDB2510EC5E00438D00 /* Preview Assets.xcassets */ = {isa = PBXFileReference; lastKnownFileType = folder.assetcatalog; path = "Preview Assets.xcassets"; sourceTree = "<group>"; };
		4C50EDDD2510EC5E00438D00 /* Info.plist */ = {isa = PBXFileReference; lastKnownFileType = text.plist.xml; path = Info.plist; sourceTree = "<group>"; };
		4C50EDE32510EC8500438D00 /* README.md */ = {isa = PBXFileReference; fileEncoding = 4; lastKnownFileType = net.daringfireball.markdown; path = README.md; sourceTree = "<group>"; };
		4C50EDE52510F1F600438D00 /* CircularProgressRingAnimation.gif */ = {isa = PBXFileReference; lastKnownFileType = image.gif; path = CircularProgressRingAnimation.gif; sourceTree = "<group>"; };
/* End PBXFileReference section */

/* Begin PBXFrameworksBuildPhase section */
		4C50EDCE2510EC5900438D00 /* Frameworks */ = {
			isa = PBXFrameworksBuildPhase;
			buildActionMask = 2147483647;
			files = (
			);
			runOnlyForDeploymentPostprocessing = 0;
		};
/* End PBXFrameworksBuildPhase section */

/* Begin PBXGroup section */
		4C50EDC82510EC5900438D00 = {
			isa = PBXGroup;
			children = (
				4C50EDE32510EC8500438D00 /* README.md */,
				4C50EDE52510F1F600438D00 /* CircularProgressRingAnimation.gif */,
				4C50EDD32510EC5900438D00 /* CircularProgressRing */,
				4C50EDD22510EC5900438D00 /* Products */,
			);
			sourceTree = "<group>";
		};
		4C50EDD22510EC5900438D00 /* Products */ = {
			isa = PBXGroup;
			children = (
				4C50EDD12510EC5900438D00 /* CircularProgressRing.app */,
			);
			name = Products;
			sourceTree = "<group>";
		};
		4C50EDD32510EC5900438D00 /* CircularProgressRing */ = {
			isa = PBXGroup;
			children = (
				4C50EDD42510EC5900438D00 /* CircularProgressRingApp.swift */,
				4C50EDD62510EC5900438D00 /* ContentView.swift */,
				4C50EDD82510EC5E00438D00 /* Assets.xcassets */,
				4C50EDDD2510EC5E00438D00 /* Info.plist */,
				4C50EDDA2510EC5E00438D00 /* Preview Content */,
			);
			path = CircularProgressRing;
			sourceTree = "<group>";
		};
		4C50EDDA2510EC5E00438D00 /* Preview Content */ = {
			isa = PBXGroup;
			children = (
				4C50EDDB2510EC5E00438D00 /* Preview Assets.xcassets */,
			);
			path = "Preview Content";
			sourceTree = "<group>";
		};
/* End PBXGroup section */

/* Begin PBXNativeTarget section */
		4C50EDD02510EC5900438D00 /* CircularProgressRing */ = {
			isa = PBXNativeTarget;
			buildConfigurationList = 4C50EDE02510EC5E00438D00 /* Build configuration list for PBXNativeTarget "CircularProgressRing" */;
			buildPhases = (
				4C50EDCD2510EC5900438D00 /* Sources */,
				4C50EDCE2510EC5900438D00 /* Frameworks */,
				4C50EDCF2510EC5900438D00 /* Resources */,
			);
			buildRules = (
			);
			dependencies = (
			);
			name = CircularProgressRing;
			productName = CircularProgressRing;
			productReference = 4C50EDD12510EC5900438D00 /* CircularProgressRing.app */;
			productType = "com.apple.product-type.application";
		};
/* End PBXNativeTarget section */

/* Begin PBXProject section */
		4C50EDC92510EC5900438D00 /* Project object */ = {
			isa = PBXProject;
			attributes = {
				LastSwiftUpdateCheck = 1200;
				LastUpgradeCheck = 1200;
				TargetAttributes = {
					4C50EDD02510EC5900438D00 = {
						CreatedOnToolsVersion = 12.0;
					};
				};
			};
			buildConfigurationList = 4C50EDCC2510EC5900438D00 /* Build configuration list for PBXProject "CircularProgressRing" */;
			compatibilityVersion = "Xcode 9.3";
			developmentRegion = en;
			hasScannedForEncodings = 0;
			knownRegions = (
				en,
				Base,
			);
			mainGroup = 4C50EDC82510EC5900438D00;
			productRefGroup = 4C50EDD22510EC5900438D00 /* Products */;
			projectDirPath = "";
			projectRoot = "";
			targets = (
				4C50EDD02510EC5900438D00 /* CircularProgressRing */,
			);
		};
/* End PBXProject section */

/* Begin PBXResourcesBuildPhase section */
		4C50EDCF2510EC5900438D00 /* Resources */ = {
			isa = PBXResourcesBuildPhase;
			buildActionMask = 2147483647;
			files = (
				4C50EDE42510EC8500438D00 /* README.md in Resources */,
				4C50EDE62510F1F600438D00 /* CircularProgressRingAnimation.gif in Resources */,
				4C50EDDC2510EC5E00438D00 /* Preview Assets.xcassets in Resources */,
				4C50EDD92510EC5E00438D00 /* Assets.xcassets in Resources */,
			);
			runOnlyForDeploymentPostprocessing = 0;
		};
/* End PBXResourcesBuildPhase section */

/* Begin PBXSourcesBuildPhase section */
		4C50EDCD2510EC5900438D00 /* Sources */ = {
			isa = PBXSourcesBuildPhase;
			buildActionMask = 2147483647;
			files = (
				4C50EDD72510EC5900438D00 /* ContentView.swift in Sources */,
				4C50EDD52510EC5900438D00 /* CircularProgressRingApp.swift in Sources */,
			);
			runOnlyForDeploymentPostprocessing = 0;
		};
/* End PBXSourcesBuildPhase section */

/* Begin XCBuildConfiguration section */
		4C50EDDE2510EC5E00438D00 /* Debug */ = {
			isa = XCBuildConfiguration;
			buildSettings = {
				ALWAYS_SEARCH_USER_PATHS = NO;
				CLANG_ANALYZER_NONNULL = YES;
				CLANG_ANALYZER_NUMBER_OBJECT_CONVERSION = YES_AGGRESSIVE;
				CLANG_CXX_LANGUAGE_STANDARD = "gnu++14";
				CLANG_CXX_LIBRARY = "libc++";
				CLANG_ENABLE_MODULES = YES;
				CLANG_ENABLE_OBJC_ARC = YES;
				CLANG_ENABLE_OBJC_WEAK = YES;
				CLANG_WARN_BLOCK_CAPTURE_AUTORELEASING = YES;
				CLANG_WARN_BOOL_CONVERSION = YES;
				CLANG_WARN_COMMA = YES;
				CLANG_WARN_CONSTANT_CONVERSION = YES;
				CLANG_WARN_DEPRECATED_OBJC_IMPLEMENTATIONS = YES;
				CLANG_WARN_DIRECT_OBJC_ISA_USAGE = YES_ERROR;
				CLANG_WARN_DOCUMENTATION_COMMENTS = YES;
				CLANG_WARN_EMPTY_BODY = YES;
				CLANG_WARN_ENUM_CONVERSION = YES;
				CLANG_WARN_INFINITE_RECURSION = YES;
				CLANG_WARN_INT_CONVERSION = YES;
				CLANG_WARN_NON_LITERAL_NULL_CONVERSION = YES;
				CLANG_WARN_OBJC_IMPLICIT_RETAIN_SELF = YES;
				CLANG_WARN_OBJC_LITERAL_CONVERSION = YES;
				CLANG_WARN_OBJC_ROOT_CLASS = YES_ERROR;
				CLANG_WARN_QUOTED_INCLUDE_IN_FRAMEWORK_HEADER = YES;
				CLANG_WARN_RANGE_LOOP_ANALYSIS = YES;
				CLANG_WARN_STRICT_PROTOTYPES = YES;
				CLANG_WARN_SUSPICIOUS_MOVE = YES;
				CLANG_WARN_UNGUARDED_AVAILABILITY = YES_AGGRESSIVE;
				CLANG_WARN_UNREACHABLE_CODE = YES;
				CLANG_WARN__DUPLICATE_METHOD_MATCH = YES;
				COPY_PHASE_STRIP = NO;
				DEBUG_INFORMATION_FORMAT = dwarf;
				ENABLE_STRICT_OBJC_MSGSEND = YES;
				ENABLE_TESTABILITY = YES;
				GCC_C_LANGUAGE_STANDARD = gnu11;
				GCC_DYNAMIC_NO_PIC = NO;
				GCC_NO_COMMON_BLOCKS = YES;
				GCC_OPTIMIZATION_LEVEL = 0;
				GCC_PREPROCESSOR_DEFINITIONS = (
					"DEBUG=1",
					"$(inherited)",
				);
				GCC_WARN_64_TO_32_BIT_CONVERSION = YES;
				GCC_WARN_ABOUT_RETURN_TYPE = YES_ERROR;
				GCC_WARN_UNDECLARED_SELECTOR = YES;
				GCC_WARN_UNINITIALIZED_AUTOS = YES_AGGRESSIVE;
				GCC_WARN_UNUSED_FUNCTION = YES;
				GCC_WARN_UNUSED_VARIABLE = YES;
				IPHONEOS_DEPLOYMENT_TARGET = 14.0;
				MTL_ENABLE_DEBUG_INFO = INCLUDE_SOURCE;
				MTL_FAST_MATH = YES;
				ONLY_ACTIVE_ARCH = YES;
				SDKROOT = iphoneos;
				SWIFT_ACTIVE_COMPILATION_CONDITIONS = DEBUG;
				SWIFT_OPTIMIZATION_LEVEL = "-Onone";
			};
			name = Debug;
		};
		4C50EDDF2510EC5E00438D00 /* Release */ = {
			isa = XCBuildConfiguration;
			buildSettings = {
				ALWAYS_SEARCH_USER_PATHS = NO;
				CLANG_ANALYZER_NONNULL = YES;
				CLANG_ANALYZER_NUMBER_OBJECT_CONVERSION = YES_AGGRESSIVE;
				CLANG_CXX_LANGUAGE_STANDARD = "gnu++14";
				CLANG_CXX_LIBRARY = "libc++";
				CLANG_ENABLE_MODULES = YES;
				CLANG_ENABLE_OBJC_ARC = YES;
				CLANG_ENABLE_OBJC_WEAK = YES;
				CLANG_WARN_BLOCK_CAPTURE_AUTORELEASING = YES;
				CLANG_WARN_BOOL_CONVERSION = YES;
				CLANG_WARN_COMMA = YES;
				CLANG_WARN_CONSTANT_CONVERSION = YES;
				CLANG_WARN_DEPRECATED_OBJC_IMPLEMENTATIONS = YES;
				CLANG_WARN_DIRECT_OBJC_ISA_USAGE = YES_ERROR;
				CLANG_WARN_DOCUMENTATION_COMMENTS = YES;
				CLANG_WARN_EMPTY_BODY = YES;
				CLANG_WARN_ENUM_CONVERSION = YES;
				CLANG_WARN_INFINITE_RECURSION = YES;
				CLANG_WARN_INT_CONVERSION = YES;
				CLANG_WARN_NON_LITERAL_NULL_CONVERSION = YES;
				CLANG_WARN_OBJC_IMPLICIT_RETAIN_SELF = YES;
				CLANG_WARN_OBJC_LITERAL_CONVERSION = YES;
				CLANG_WARN_OBJC_ROOT_CLASS = YES_ERROR;
				CLANG_WARN_QUOTED_INCLUDE_IN_FRAMEWORK_HEADER = YES;
				CLANG_WARN_RANGE_LOOP_ANALYSIS = YES;
				CLANG_WARN_STRICT_PROTOTYPES = YES;
				CLANG_WARN_SUSPICIOUS_MOVE = YES;
				CLANG_WARN_UNGUARDED_AVAILABILITY = YES_AGGRESSIVE;
				CLANG_WARN_UNREACHABLE_CODE = YES;
				CLANG_WARN__DUPLICATE_METHOD_MATCH = YES;
				COPY_PHASE_STRIP = NO;
				DEBUG_INFORMATION_FORMAT = "dwarf-with-dsym";
				ENABLE_NS_ASSERTIONS = NO;
				ENABLE_STRICT_OBJC_MSGSEND = YES;
				GCC_C_LANGUAGE_STANDARD = gnu11;
				GCC_NO_COMMON_BLOCKS = YES;
				GCC_WARN_64_TO_32_BIT_CONVERSION = YES;
				GCC_WARN_ABOUT_RETURN_TYPE = YES_ERROR;
				GCC_WARN_UNDECLARED_SELECTOR = YES;
				GCC_WARN_UNINITIALIZED_AUTOS = YES_AGGRESSIVE;
				GCC_WARN_UNUSED_FUNCTION = YES;
				GCC_WARN_UNUSED_VARIABLE = YES;
				IPHONEOS_DEPLOYMENT_TARGET = 14.0;
				MTL_ENABLE_DEBUG_INFO = NO;
				MTL_FAST_MATH = YES;
				SDKROOT = iphoneos;
				SWIFT_COMPILATION_MODE = wholemodule;
				SWIFT_OPTIMIZATION_LEVEL = "-O";
				VALIDATE_PRODUCT = YES;
			};
			name = Release;
		};
		4C50EDE12510EC5E00438D00 /* Debug */ = {
			isa = XCBuildConfiguration;
			buildSettings = {
				ASSETCATALOG_COMPILER_APPICON_NAME = AppIcon;
				ASSETCATALOG_COMPILER_GLOBAL_ACCENT_COLOR_NAME = AccentColor;
				CODE_SIGN_STYLE = Automatic;
				DEVELOPMENT_ASSET_PATHS = "\"CircularProgressRing/Preview Content\"";
				DEVELOPMENT_TEAM = U77Q6FJLJF;
				ENABLE_PREVIEWS = YES;
				INFOPLIST_FILE = CircularProgressRing/Info.plist;
				IPHONEOS_DEPLOYMENT_TARGET = 14.0;
				LD_RUNPATH_SEARCH_PATHS = (
					"$(inherited)",
					"@executable_path/Frameworks",
				);
				PRODUCT_BUNDLE_IDENTIFIER = com.eireware.CircularProgressRing;
				PRODUCT_NAME = "$(TARGET_NAME)";
				SWIFT_VERSION = 5.0;
				TARGETED_DEVICE_FAMILY = "1,2";
			};
			name = Debug;
		};
		4C50EDE22510EC5E00438D00 /* Release */ = {
			isa = XCBuildConfiguration;
			buildSettings = {
				ASSETCATALOG_COMPILER_APPICON_NAME = AppIcon;
				ASSETCATALOG_COMPILER_GLOBAL_ACCENT_COLOR_NAME = AccentColor;
				CODE_SIGN_STYLE = Automatic;
				DEVELOPMENT_ASSET_PATHS = "\"CircularProgressRing/Preview Content\"";
				DEVELOPMENT_TEAM = U77Q6FJLJF;
				ENABLE_PREVIEWS = YES;
				INFOPLIST_FILE = CircularProgressRing/Info.plist;
				IPHONEOS_DEPLOYMENT_TARGET = 14.0;
				LD_RUNPATH_SEARCH_PATHS = (
					"$(inherited)",
					"@executable_path/Frameworks",
				);
				PRODUCT_BUNDLE_IDENTIFIER = com.eireware.CircularProgressRing;
				PRODUCT_NAME = "$(TARGET_NAME)";
				SWIFT_VERSION = 5.0;
				TARGETED_DEVICE_FAMILY = "1,2";
			};
			name = Release;
		};
/* End XCBuildConfiguration section */

/* Begin XCConfigurationList section */
		4C50EDCC2510EC5900438D00 /* Build configuration list for PBXProject "CircularProgressRing" */ = {
			isa = XCConfigurationList;
			buildConfigurations = (
				4C50EDDE2510EC5E00438D00 /* Debug */,
				4C50EDDF2510EC5E00438D00 /* Release */,
			);
			defaultConfigurationIsVisible = 0;
			defaultConfigurationName = Release;
		};
		4C50EDE02510EC5E00438D00 /* Build configuration list for PBXNativeTarget "CircularProgressRing" */ = {
			isa = XCConfigurationList;
			buildConfigurations = (
				4C50EDE12510EC5E00438D00 /* Debug */,
				4C50EDE22510EC5E00438D00 /* Release */,
			);
			defaultConfigurationIsVisible = 0;
			defaultConfigurationName = Release;
		};
/* End XCConfigurationList section */
	};
	rootObject = 4C50EDC92510EC5900438D00 /* Project object */;
}
