// !$*UTF8*$!
{
	archiveVersion = 1;
	classes = {
	};
	objectVersion = 50;
	objects = {

/* Begin PBXBuildFile section */
		4C30C16025CB22CE001ABEEF /* AppDelegate.swift in Sources */ = {isa = PBXBuildFile; fileRef = 4C30C15F25CB22CE001ABEEF /* AppDelegate.swift */; };
		4C30C16225CB22CE001ABEEF /* GameScene.sks in Resources */ = {isa = PBXBuildFile; fileRef = 4C30C16125CB22CE001ABEEF /* GameScene.sks */; };
		4C30C16625CB22CE001ABEEF /* GameScene.swift in Sources */ = {isa = PBXBuildFile; fileRef = 4C30C16525CB22CE001ABEEF /* GameScene.swift */; };
		4C30C16825CB22CE001ABEEF /* GameViewController.swift in Sources */ = {isa = PBXBuildFile; fileRef = 4C30C16725CB22CE001ABEEF /* GameViewController.swift */; };
		4C30C16B25CB22CE001ABEEF /* Main.storyboard in Resources */ = {isa = PBXBuildFile; fileRef = 4C30C16925CB22CE001ABEEF /* Main.storyboard */; };
		4C30C16D25CB22D3001ABEEF /* Assets.xcassets in Resources */ = {isa = PBXBuildFile; fileRef = 4C30C16C25CB22D3001ABEEF /* Assets.xcassets */; };
		4C30C17A25CB393D001ABEEF /* Explosion.sks in Resources */ = {isa = PBXBuildFile; fileRef = 4C30C17925CB393D001ABEEF /* Explosion.sks */; };
		4CD830CA25CC53C5007F3B46 /* Background.fsh in Resources */ = {isa = PBXBuildFile; fileRef = 4CD830C925CC53C5007F3B46 /* Background.fsh */; };
/* End PBXBuildFile section */

/* Begin PBXFileReference section */
		4C30C15C25CB22CE001ABEEF /* MarbleMatch.app */ = {isa = PBXFileReference; explicitFileType = wrapper.application; includeInIndex = 0; path = MarbleMatch.app; sourceTree = BUILT_PRODUCTS_DIR; };
		4C30C15F25CB22CE001ABEEF /* AppDelegate.swift */ = {isa = PBXFileReference; lastKnownFileType = sourcecode.swift; path = AppDelegate.swift; sourceTree = "<group>"; };
		4C30C16125CB22CE001ABEEF /* GameScene.sks */ = {isa = PBXFileReference; lastKnownFileType = file.sks; path = GameScene.sks; sourceTree = "<group>"; };
		4C30C16525CB22CE001ABEEF /* GameScene.swift */ = {isa = PBXFileReference; lastKnownFileType = sourcecode.swift; path = GameScene.swift; sourceTree = "<group>"; };
		4C30C16725CB22CE001ABEEF /* GameViewController.swift */ = {isa = PBXFileReference; lastKnownFileType = sourcecode.swift; path = GameViewController.swift; sourceTree = "<group>"; };
		4C30C16A25CB22CE001ABEEF /* Base */ = {isa = PBXFileReference; lastKnownFileType = file.storyboard; name = Base; path = Base.lproj/Main.storyboard; sourceTree = "<group>"; };
		4C30C16C25CB22D3001ABEEF /* Assets.xcassets */ = {isa = PBXFileReference; lastKnownFileType = folder.assetcatalog; path = Assets.xcassets; sourceTree = "<group>"; };
		4C30C16E25CB22D3001ABEEF /* Info.plist */ = {isa = PBXFileReference; lastKnownFileType = text.plist.xml; path = Info.plist; sourceTree = "<group>"; };
		4C30C17925CB393D001ABEEF /* Explosion.sks */ = {isa = PBXFileReference; lastKnownFileType = file.sks; path = Explosion.sks; sourceTree = "<group>"; };
		4CD830C925CC53C5007F3B46 /* Background.fsh */ = {isa = PBXFileReference; lastKnownFileType = sourcecode.glsl; path = Background.fsh; sourceTree = "<group>"; };
/* End PBXFileReference section */

/* Begin PBXFrameworksBuildPhase section */
		4C30C15925CB22CE001ABEEF /* Frameworks */ = {
			isa = PBXFrameworksBuildPhase;
			buildActionMask = 2147483647;
			files = (
			);
			runOnlyForDeploymentPostprocessing = 0;
		};
/* End PBXFrameworksBuildPhase section */

/* Begin PBXGroup section */
		4C30C15325CB22CE001ABEEF = {
			isa = PBXGroup;
			children = (
				4C30C15E25CB22CE001ABEEF /* MarbleMatch */,
				4C30C15D25CB22CE001ABEEF /* Products */,
			);
			sourceTree = "<group>";
		};
		4C30C15D25CB22CE001ABEEF /* Products */ = {
			isa = PBXGroup;
			children = (
				4C30C15C25CB22CE001ABEEF /* MarbleMatch.app */,
			);
			name = Products;
			sourceTree = "<group>";
		};
		4C30C15E25CB22CE001ABEEF /* MarbleMatch */ = {
			isa = PBXGroup;
			children = (
				4C30C15F25CB22CE001ABEEF /* AppDelegate.swift */,
				4C30C16125CB22CE001ABEEF /* GameScene.sks */,
				4C30C16525CB22CE001ABEEF /* GameScene.swift */,
				4CD830C925CC53C5007F3B46 /* Background.fsh */,
				4C30C17925CB393D001ABEEF /* Explosion.sks */,
				4C30C16725CB22CE001ABEEF /* GameViewController.swift */,
				4C30C16925CB22CE001ABEEF /* Main.storyboard */,
				4C30C16C25CB22D3001ABEEF /* Assets.xcassets */,
				4C30C16E25CB22D3001ABEEF /* Info.plist */,
			);
			path = MarbleMatch;
			sourceTree = "<group>";
		};
/* End PBXGroup section */

/* Begin PBXNativeTarget section */
		4C30C15B25CB22CE001ABEEF /* MarbleMatch */ = {
			isa = PBXNativeTarget;
			buildConfigurationList = 4C30C17125CB22D3001ABEEF /* Build configuration list for PBXNativeTarget "MarbleMatch" */;
			buildPhases = (
				4C30C15825CB22CE001ABEEF /* Sources */,
				4C30C15925CB22CE001ABEEF /* Frameworks */,
				4C30C15A25CB22CE001ABEEF /* Resources */,
			);
			buildRules = (
			);
			dependencies = (
			);
			name = MarbleMatch;
			productName = MarbleMatch;
			productReference = 4C30C15C25CB22CE001ABEEF /* MarbleMatch.app */;
			productType = "com.apple.product-type.application";
		};
/* End PBXNativeTarget section */

/* Begin PBXProject section */
		4C30C15425CB22CE001ABEEF /* Project object */ = {
			isa = PBXProject;
			attributes = {
				LastSwiftUpdateCheck = 1240;
				LastUpgradeCheck = 1240;
				TargetAttributes = {
					4C30C15B25CB22CE001ABEEF = {
						CreatedOnToolsVersion = 12.4;
					};
				};
			};
			buildConfigurationList = 4C30C15725CB22CE001ABEEF /* Build configuration list for PBXProject "MarbleMatch" */;
			compatibilityVersion = "Xcode 9.3";
			developmentRegion = en;
			hasScannedForEncodings = 0;
			knownRegions = (
				en,
				Base,
			);
			mainGroup = 4C30C15325CB22CE001ABEEF;
			productRefGroup = 4C30C15D25CB22CE001ABEEF /* Products */;
			projectDirPath = "";
			projectRoot = "";
			targets = (
				4C30C15B25CB22CE001ABEEF /* MarbleMatch */,
			);
		};
/* End PBXProject section */

/* Begin PBXResourcesBuildPhase section */
		4C30C15A25CB22CE001ABEEF /* Resources */ = {
			isa = PBXResourcesBuildPhase;
			buildActionMask = 2147483647;
			files = (
				4C30C16B25CB22CE001ABEEF /* Main.storyboard in Resources */,
				4C30C17A25CB393D001ABEEF /* Explosion.sks in Resources */,
				4CD830CA25CC53C5007F3B46 /* Background.fsh in Resources */,
				4C30C16225CB22CE001ABEEF /* GameScene.sks in Resources */,
				4C30C16D25CB22D3001ABEEF /* Assets.xcassets in Resources */,
			);
			runOnlyForDeploymentPostprocessing = 0;
		};
/* End PBXResourcesBuildPhase section */

/* Begin PBXSourcesBuildPhase section */
		4C30C15825CB22CE001ABEEF /* Sources */ = {
			isa = PBXSourcesBuildPhase;
			buildActionMask = 2147483647;
			files = (
				4C30C16625CB22CE001ABEEF /* GameScene.swift in Sources */,
				4C30C16825CB22CE001ABEEF /* GameViewController.swift in Sources */,
				4C30C16025CB22CE001ABEEF /* AppDelegate.swift in Sources */,
			);
			runOnlyForDeploymentPostprocessing = 0;
		};
/* End PBXSourcesBuildPhase section */

/* Begin PBXVariantGroup section */
		4C30C16925CB22CE001ABEEF /* Main.storyboard */ = {
			isa = PBXVariantGroup;
			children = (
				4C30C16A25CB22CE001ABEEF /* Base */,
			);
			name = Main.storyboard;
			sourceTree = "<group>";
		};
/* End PBXVariantGroup section */

/* Begin XCBuildConfiguration section */
		4C30C16F25CB22D3001ABEEF /* Debug */ = {
			isa = XCBuildConfiguration;
			buildSettings = {
				ALWAYS_SEARCH_USER_PATHS = NO;
				CLANG_ANALYZER_NONNULL = YES;
				CLANG_ANALYZER_NUMBER_OBJECT_CONVERSION = YES_AGGRESSIVE;
				CLANG_CXX_LANGUAGE_STANDARD = "gnu++14";
				CLANG_CXX_LIBRARY = "libc++";
				CLANG_ENABLE_MODULES = YES;
				CLANG_ENABLE_OBJC_ARC = YES;
				CLANG_ENABLE_OBJC_WEAK = YES;
				CLANG_WARN_BLOCK_CAPTURE_AUTORELEASING = YES;
				CLANG_WARN_BOOL_CONVERSION = YES;
				CLANG_WARN_COMMA = YES;
				CLANG_WARN_CONSTANT_CONVERSION = YES;
				CLANG_WARN_DEPRECATED_OBJC_IMPLEMENTATIONS = YES;
				CLANG_WARN_DIRECT_OBJC_ISA_USAGE = YES_ERROR;
				CLANG_WARN_DOCUMENTATION_COMMENTS = YES;
				CLANG_WARN_EMPTY_BODY = YES;
				CLANG_WARN_ENUM_CONVERSION = YES;
				CLANG_WARN_INFINITE_RECURSION = YES;
				CLANG_WARN_INT_CONVERSION = YES;
				CLANG_WARN_NON_LITERAL_NULL_CONVERSION = YES;
				CLANG_WARN_OBJC_IMPLICIT_RETAIN_SELF = YES;
				CLANG_WARN_OBJC_LITERAL_CONVERSION = YES;
				CLANG_WARN_OBJC_ROOT_CLASS = YES_ERROR;
				CLANG_WARN_QUOTED_INCLUDE_IN_FRAMEWORK_HEADER = YES;
				CLANG_WARN_RANGE_LOOP_ANALYSIS = YES;
				CLANG_WARN_STRICT_PROTOTYPES = YES;
				CLANG_WARN_SUSPICIOUS_MOVE = YES;
				CLANG_WARN_UNGUARDED_AVAILABILITY = YES_AGGRESSIVE;
				CLANG_WARN_UNREACHABLE_CODE = YES;
				CLANG_WARN__DUPLICATE_METHOD_MATCH = YES;
				COPY_PHASE_STRIP = NO;
				DEBUG_INFORMATION_FORMAT = dwarf;
				ENABLE_STRICT_OBJC_MSGSEND = YES;
				ENABLE_TESTABILITY = YES;
				GCC_C_LANGUAGE_STANDARD = gnu11;
				GCC_DYNAMIC_NO_PIC = NO;
				GCC_NO_COMMON_BLOCKS = YES;
				GCC_OPTIMIZATION_LEVEL = 0;
				GCC_PREPROCESSOR_DEFINITIONS = (
					"DEBUG=1",
					"$(inherited)",
				);
				GCC_WARN_64_TO_32_BIT_CONVERSION = YES;
				GCC_WARN_ABOUT_RETURN_TYPE = YES_ERROR;
				GCC_WARN_UNDECLARED_SELECTOR = YES;
				GCC_WARN_UNINITIALIZED_AUTOS = YES_AGGRESSIVE;
				GCC_WARN_UNUSED_FUNCTION = YES;
				GCC_WARN_UNUSED_VARIABLE = YES;
				IPHONEOS_DEPLOYMENT_TARGET = 14.4;
				MTL_ENABLE_DEBUG_INFO = INCLUDE_SOURCE;
				MTL_FAST_MATH = YES;
				ONLY_ACTIVE_ARCH = YES;
				SDKROOT = iphoneos;
				SWIFT_ACTIVE_COMPILATION_CONDITIONS = DEBUG;
				SWIFT_OPTIMIZATION_LEVEL = "-Onone";
			};
			name = Debug;
		};
		4C30C17025CB22D3001ABEEF /* Release */ = {
			isa = XCBuildConfiguration;
			buildSettings = {
				ALWAYS_SEARCH_USER_PATHS = NO;
				CLANG_ANALYZER_NONNULL = YES;
				CLANG_ANALYZER_NUMBER_OBJECT_CONVERSION = YES_AGGRESSIVE;
				CLANG_CXX_LANGUAGE_STANDARD = "gnu++14";
				CLANG_CXX_LIBRARY = "libc++";
				CLANG_ENABLE_MODULES = YES;
				CLANG_ENABLE_OBJC_ARC = YES;
				CLANG_ENABLE_OBJC_WEAK = YES;
				CLANG_WARN_BLOCK_CAPTURE_AUTORELEASING = YES;
				CLANG_WARN_BOOL_CONVERSION = YES;
				CLANG_WARN_COMMA = YES;
				CLANG_WARN_CONSTANT_CONVERSION = YES;
				CLANG_WARN_DEPRECATED_OBJC_IMPLEMENTATIONS = YES;
				CLANG_WARN_DIRECT_OBJC_ISA_USAGE = YES_ERROR;
				CLANG_WARN_DOCUMENTATION_COMMENTS = YES;
				CLANG_WARN_EMPTY_BODY = YES;
				CLANG_WARN_ENUM_CONVERSION = YES;
				CLANG_WARN_INFINITE_RECURSION = YES;
				CLANG_WARN_INT_CONVERSION = YES;
				CLANG_WARN_NON_LITERAL_NULL_CONVERSION = YES;
				CLANG_WARN_OBJC_IMPLICIT_RETAIN_SELF = YES;
				CLANG_WARN_OBJC_LITERAL_CONVERSION = YES;
				CLANG_WARN_OBJC_ROOT_CLASS = YES_ERROR;
				CLANG_WARN_QUOTED_INCLUDE_IN_FRAMEWORK_HEADER = YES;
				CLANG_WARN_RANGE_LOOP_ANALYSIS = YES;
				CLANG_WARN_STRICT_PROTOTYPES = YES;
				CLANG_WARN_SUSPICIOUS_MOVE = YES;
				CLANG_WARN_UNGUARDED_AVAILABILITY = YES_AGGRESSIVE;
				CLANG_WARN_UNREACHABLE_CODE = YES;
				CLANG_WARN__DUPLICATE_METHOD_MATCH = YES;
				COPY_PHASE_STRIP = NO;
				DEBUG_INFORMATION_FORMAT = "dwarf-with-dsym";
				ENABLE_NS_ASSERTIONS = NO;
				ENABLE_STRICT_OBJC_MSGSEND = YES;
				GCC_C_LANGUAGE_STANDARD = gnu11;
				GCC_NO_COMMON_BLOCKS = YES;
				GCC_WARN_64_TO_32_BIT_CONVERSION = YES;
				GCC_WARN_ABOUT_RETURN_TYPE = YES_ERROR;
				GCC_WARN_UNDECLARED_SELECTOR = YES;
				GCC_WARN_UNINITIALIZED_AUTOS = YES_AGGRESSIVE;
				GCC_WARN_UNUSED_FUNCTION = YES;
				GCC_WARN_UNUSED_VARIABLE = YES;
				IPHONEOS_DEPLOYMENT_TARGET = 14.4;
				MTL_ENABLE_DEBUG_INFO = NO;
				MTL_FAST_MATH = YES;
				SDKROOT = iphoneos;
				SWIFT_COMPILATION_MODE = wholemodule;
				SWIFT_OPTIMIZATION_LEVEL = "-O";
				VALIDATE_PRODUCT = YES;
			};
			name = Release;
		};
		4C30C17225CB22D3001ABEEF /* Debug */ = {
			isa = XCBuildConfiguration;
			buildSettings = {
				ASSETCATALOG_COMPILER_APPICON_NAME = AppIcon;
				ASSETCATALOG_COMPILER_GLOBAL_ACCENT_COLOR_NAME = AccentColor;
				CODE_SIGN_STYLE = Automatic;
				DEVELOPMENT_TEAM = MLWR3753W4;
				INFOPLIST_FILE = MarbleMatch/Info.plist;
				LD_RUNPATH_SEARCH_PATHS = (
					"$(inherited)",
					"@executable_path/Frameworks",
				);
				PRODUCT_BUNDLE_IDENTIFIER = com.eireware.MarbleMatch;
				PRODUCT_NAME = "$(TARGET_NAME)";
				SWIFT_VERSION = 5.0;
				TARGETED_DEVICE_FAMILY = 2;
			};
			name = Debug;
		};
		4C30C17325CB22D3001ABEEF /* Release */ = {
			isa = XCBuildConfiguration;
			buildSettings = {
				ASSETCATALOG_COMPILER_APPICON_NAME = AppIcon;
				ASSETCATALOG_COMPILER_GLOBAL_ACCENT_COLOR_NAME = AccentColor;
				CODE_SIGN_STYLE = Automatic;
				DEVELOPMENT_TEAM = MLWR3753W4;
				INFOPLIST_FILE = MarbleMatch/Info.plist;
				LD_RUNPATH_SEARCH_PATHS = (
					"$(inherited)",
					"@executable_path/Frameworks",
				);
				PRODUCT_BUNDLE_IDENTIFIER = com.eireware.MarbleMatch;
				PRODUCT_NAME = "$(TARGET_NAME)";
				SWIFT_VERSION = 5.0;
				TARGETED_DEVICE_FAMILY = 2;
			};
			name = Release;
		};
/* End XCBuildConfiguration section */

/* Begin XCConfigurationList section */
		4C30C15725CB22CE001ABEEF /* Build configuration list for PBXProject "MarbleMatch" */ = {
			isa = XCConfigurationList;
			buildConfigurations = (
				4C30C16F25CB22D3001ABEEF /* Debug */,
				4C30C17025CB22D3001ABEEF /* Release */,
			);
			defaultConfigurationIsVisible = 0;
			defaultConfigurationName = Release;
		};
		4C30C17125CB22D3001ABEEF /* Build configuration list for PBXNativeTarget "MarbleMatch" */ = {
			isa = XCConfigurationList;
			buildConfigurations = (
				4C30C17225CB22D3001ABEEF /* Debug */,
				4C30C17325CB22D3001ABEEF /* Release */,
			);
			defaultConfigurationIsVisible = 0;
			defaultConfigurationName = Release;
		};
/* End XCConfigurationList section */
	};
	rootObject = 4C30C15425CB22CE001ABEEF /* Project object */;
}
