// !$*UTF8*$!
{
	archiveVersion = 1;
	classes = {
	};
	objectVersion = 50;
	objects = {

/* Begin PBXBuildFile section */
		4C1F091125B8BC2D0053C4D4 /* AppDelegate.swift in Sources */ = {isa = PBXBuildFile; fileRef = 4C1F091025B8BC2D0053C4D4 /* AppDelegate.swift */; };
		4C1F091325B8BC2D0053C4D4 /* GameScene.sks in Resources */ = {isa = PBXBuildFile; fileRef = 4C1F091225B8BC2D0053C4D4 /* GameScene.sks */; };
		4C1F091725B8BC2D0053C4D4 /* GameScene.swift in Sources */ = {isa = PBXBuildFile; fileRef = 4C1F091625B8BC2D0053C4D4 /* GameScene.swift */; };
		4C1F091925B8BC2D0053C4D4 /* GameViewController.swift in Sources */ = {isa = PBXBuildFile; fileRef = 4C1F091825B8BC2D0053C4D4 /* GameViewController.swift */; };
		4C1F091C25B8BC2D0053C4D4 /* Main.storyboard in Resources */ = {isa = PBXBuildFile; fileRef = 4C1F091A25B8BC2D0053C4D4 /* Main.storyboard */; };
		4C1F091E25B8BC330053C4D4 /* Assets.xcassets in Resources */ = {isa = PBXBuildFile; fileRef = 4C1F091D25B8BC330053C4D4 /* Assets.xcassets */; };
		4C1F092A25B8BD640053C4D4 /* enemy-types.json in Resources */ = {isa = PBXBuildFile; fileRef = 4C1F092825B8BD640053C4D4 /* enemy-types.json */; };
		4C1F092B25B8BD640053C4D4 /* waves.json in Resources */ = {isa = PBXBuildFile; fileRef = 4C1F092925B8BD640053C4D4 /* waves.json */; };
		4C1F092E25B8BE140053C4D4 /* Starfield.sks in Resources */ = {isa = PBXBuildFile; fileRef = 4C1F092D25B8BE140053C4D4 /* Starfield.sks */; };
		4C1F093125B8C8690053C4D4 /* EnemyType.swift in Sources */ = {isa = PBXBuildFile; fileRef = 4C1F093025B8C8690053C4D4 /* EnemyType.swift */; };
		4C1F093425B8C9040053C4D4 /* Wave.swift in Sources */ = {isa = PBXBuildFile; fileRef = 4C1F093325B8C9040053C4D4 /* Wave.swift */; };
		4C1F093725B8C9730053C4D4 /* Bundle-Decoding.swift in Sources */ = {isa = PBXBuildFile; fileRef = 4C1F093625B8C9730053C4D4 /* Bundle-Decoding.swift */; };
		4C1F093A25B8CC7E0053C4D4 /* EnemyNode.swift in Sources */ = {isa = PBXBuildFile; fileRef = 4C1F093925B8CC7E0053C4D4 /* EnemyNode.swift */; };
		4C1F094025B8E0980053C4D4 /* Explosion.sks in Resources */ = {isa = PBXBuildFile; fileRef = 4C1F093F25B8E0980053C4D4 /* Explosion.sks */; };
/* End PBXBuildFile section */

/* Begin PBXFileReference section */
		4C1F090D25B8BC2D0053C4D4 /* Zaptastic.app */ = {isa = PBXFileReference; explicitFileType = wrapper.application; includeInIndex = 0; path = Zaptastic.app; sourceTree = BUILT_PRODUCTS_DIR; };
		4C1F091025B8BC2D0053C4D4 /* AppDelegate.swift */ = {isa = PBXFileReference; lastKnownFileType = sourcecode.swift; path = AppDelegate.swift; sourceTree = "<group>"; };
		4C1F091225B8BC2D0053C4D4 /* GameScene.sks */ = {isa = PBXFileReference; lastKnownFileType = file.sks; path = GameScene.sks; sourceTree = "<group>"; };
		4C1F091625B8BC2D0053C4D4 /* GameScene.swift */ = {isa = PBXFileReference; lastKnownFileType = sourcecode.swift; path = GameScene.swift; sourceTree = "<group>"; };
		4C1F091825B8BC2D0053C4D4 /* GameViewController.swift */ = {isa = PBXFileReference; lastKnownFileType = sourcecode.swift; path = GameViewController.swift; sourceTree = "<group>"; };
		4C1F091B25B8BC2D0053C4D4 /* Base */ = {isa = PBXFileReference; lastKnownFileType = file.storyboard; name = Base; path = Base.lproj/Main.storyboard; sourceTree = "<group>"; };
		4C1F091D25B8BC330053C4D4 /* Assets.xcassets */ = {isa = PBXFileReference; lastKnownFileType = folder.assetcatalog; path = Assets.xcassets; sourceTree = "<group>"; };
		4C1F091F25B8BC330053C4D4 /* Info.plist */ = {isa = PBXFileReference; lastKnownFileType = text.plist.xml; path = Info.plist; sourceTree = "<group>"; };
		4C1F092825B8BD640053C4D4 /* enemy-types.json */ = {isa = PBXFileReference; fileEncoding = 4; lastKnownFileType = text.json; path = "enemy-types.json"; sourceTree = "<group>"; };
		4C1F092925B8BD640053C4D4 /* waves.json */ = {isa = PBXFileReference; fileEncoding = 4; lastKnownFileType = text.json; path = waves.json; sourceTree = "<group>"; };
		4C1F092D25B8BE140053C4D4 /* Starfield.sks */ = {isa = PBXFileReference; lastKnownFileType = file.sks; path = Starfield.sks; sourceTree = "<group>"; };
		4C1F093025B8C8690053C4D4 /* EnemyType.swift */ = {isa = PBXFileReference; lastKnownFileType = sourcecode.swift; path = EnemyType.swift; sourceTree = "<group>"; };
		4C1F093325B8C9040053C4D4 /* Wave.swift */ = {isa = PBXFileReference; lastKnownFileType = sourcecode.swift; path = Wave.swift; sourceTree = "<group>"; };
		4C1F093625B8C9730053C4D4 /* Bundle-Decoding.swift */ = {isa = PBXFileReference; lastKnownFileType = sourcecode.swift; path = "Bundle-Decoding.swift"; sourceTree = "<group>"; };
		4C1F093925B8CC7E0053C4D4 /* EnemyNode.swift */ = {isa = PBXFileReference; lastKnownFileType = sourcecode.swift; path = EnemyNode.swift; sourceTree = "<group>"; };
		4C1F093F25B8E0980053C4D4 /* Explosion.sks */ = {isa = PBXFileReference; lastKnownFileType = file.sks; path = Explosion.sks; sourceTree = "<group>"; };
/* End PBXFileReference section */

/* Begin PBXFrameworksBuildPhase section */
		4C1F090A25B8BC2D0053C4D4 /* Frameworks */ = {
			isa = PBXFrameworksBuildPhase;
			buildActionMask = 2147483647;
			files = (
			);
			runOnlyForDeploymentPostprocessing = 0;
		};
/* End PBXFrameworksBuildPhase section */

/* Begin PBXGroup section */
		4C1F090425B8BC2D0053C4D4 = {
			isa = PBXGroup;
			children = (
				4C1F090F25B8BC2D0053C4D4 /* Zaptastic */,
				4C1F090E25B8BC2D0053C4D4 /* Products */,
			);
			sourceTree = "<group>";
		};
		4C1F090E25B8BC2D0053C4D4 /* Products */ = {
			isa = PBXGroup;
			children = (
				4C1F090D25B8BC2D0053C4D4 /* Zaptastic.app */,
			);
			name = Products;
			sourceTree = "<group>";
		};
		4C1F090F25B8BC2D0053C4D4 /* Zaptastic */ = {
			isa = PBXGroup;
			children = (
				4C1F091025B8BC2D0053C4D4 /* AppDelegate.swift */,
				4C1F091225B8BC2D0053C4D4 /* GameScene.sks */,
				4C1F091625B8BC2D0053C4D4 /* GameScene.swift */,
				4C1F093F25B8E0980053C4D4 /* Explosion.sks */,
				4C1F093925B8CC7E0053C4D4 /* EnemyNode.swift */,
				4C1F092D25B8BE140053C4D4 /* Starfield.sks */,
				4C1F091825B8BC2D0053C4D4 /* GameViewController.swift */,
				4C1F093025B8C8690053C4D4 /* EnemyType.swift */,
				4C1F093325B8C9040053C4D4 /* Wave.swift */,
				4C1F093625B8C9730053C4D4 /* Bundle-Decoding.swift */,
				4C1F091A25B8BC2D0053C4D4 /* Main.storyboard */,
				4C1F091D25B8BC330053C4D4 /* Assets.xcassets */,
				4C1F091F25B8BC330053C4D4 /* Info.plist */,
				4C1F092825B8BD640053C4D4 /* enemy-types.json */,
				4C1F092925B8BD640053C4D4 /* waves.json */,
			);
			path = Zaptastic;
			sourceTree = "<group>";
		};
/* End PBXGroup section */

/* Begin PBXNativeTarget section */
		4C1F090C25B8BC2D0053C4D4 /* Zaptastic */ = {
			isa = PBXNativeTarget;
			buildConfigurationList = 4C1F092225B8BC330053C4D4 /* Build configuration list for PBXNativeTarget "Zaptastic" */;
			buildPhases = (
				4C1F090925B8BC2D0053C4D4 /* Sources */,
				4C1F090A25B8BC2D0053C4D4 /* Frameworks */,
				4C1F090B25B8BC2D0053C4D4 /* Resources */,
			);
			buildRules = (
			);
			dependencies = (
			);
			name = Zaptastic;
			productName = Zaptastic;
			productReference = 4C1F090D25B8BC2D0053C4D4 /* Zaptastic.app */;
			productType = "com.apple.product-type.application";
		};
/* End PBXNativeTarget section */

/* Begin PBXProject section */
		4C1F090525B8BC2D0053C4D4 /* Project object */ = {
			isa = PBXProject;
			attributes = {
				LastSwiftUpdateCheck = 1230;
				LastUpgradeCheck = 1230;
				TargetAttributes = {
					4C1F090C25B8BC2D0053C4D4 = {
						CreatedOnToolsVersion = 12.3;
					};
				};
			};
			buildConfigurationList = 4C1F090825B8BC2D0053C4D4 /* Build configuration list for PBXProject "Zaptastic" */;
			compatibilityVersion = "Xcode 9.3";
			developmentRegion = en;
			hasScannedForEncodings = 0;
			knownRegions = (
				en,
				Base,
			);
			mainGroup = 4C1F090425B8BC2D0053C4D4;
			productRefGroup = 4C1F090E25B8BC2D0053C4D4 /* Products */;
			projectDirPath = "";
			projectRoot = "";
			targets = (
				4C1F090C25B8BC2D0053C4D4 /* Zaptastic */,
			);
		};
/* End PBXProject section */

/* Begin PBXResourcesBuildPhase section */
		4C1F090B25B8BC2D0053C4D4 /* Resources */ = {
			isa = PBXResourcesBuildPhase;
			buildActionMask = 2147483647;
			files = (
				4C1F092E25B8BE140053C4D4 /* Starfield.sks in Resources */,
				4C1F092A25B8BD640053C4D4 /* enemy-types.json in Resources */,
				4C1F091C25B8BC2D0053C4D4 /* Main.storyboard in Resources */,
				4C1F091325B8BC2D0053C4D4 /* GameScene.sks in Resources */,
				4C1F092B25B8BD640053C4D4 /* waves.json in Resources */,
				4C1F094025B8E0980053C4D4 /* Explosion.sks in Resources */,
				4C1F091E25B8BC330053C4D4 /* Assets.xcassets in Resources */,
			);
			runOnlyForDeploymentPostprocessing = 0;
		};
/* End PBXResourcesBuildPhase section */

/* Begin PBXSourcesBuildPhase section */
		4C1F090925B8BC2D0053C4D4 /* Sources */ = {
			isa = PBXSourcesBuildPhase;
			buildActionMask = 2147483647;
			files = (
				4C1F093725B8C9730053C4D4 /* Bundle-Decoding.swift in Sources */,
				4C1F093A25B8CC7E0053C4D4 /* EnemyNode.swift in Sources */,
				4C1F091725B8BC2D0053C4D4 /* GameScene.swift in Sources */,
				4C1F093425B8C9040053C4D4 /* Wave.swift in Sources */,
				4C1F091925B8BC2D0053C4D4 /* GameViewController.swift in Sources */,
				4C1F093125B8C8690053C4D4 /* EnemyType.swift in Sources */,
				4C1F091125B8BC2D0053C4D4 /* AppDelegate.swift in Sources */,
			);
			runOnlyForDeploymentPostprocessing = 0;
		};
/* End PBXSourcesBuildPhase section */

/* Begin PBXVariantGroup section */
		4C1F091A25B8BC2D0053C4D4 /* Main.storyboard */ = {
			isa = PBXVariantGroup;
			children = (
				4C1F091B25B8BC2D0053C4D4 /* Base */,
			);
			name = Main.storyboard;
			sourceTree = "<group>";
		};
/* End PBXVariantGroup section */

/* Begin XCBuildConfiguration section */
		4C1F092025B8BC330053C4D4 /* Debug */ = {
			isa = XCBuildConfiguration;
			buildSettings = {
				ALWAYS_SEARCH_USER_PATHS = NO;
				CLANG_ANALYZER_NONNULL = YES;
				CLANG_ANALYZER_NUMBER_OBJECT_CONVERSION = YES_AGGRESSIVE;
				CLANG_CXX_LANGUAGE_STANDARD = "gnu++14";
				CLANG_CXX_LIBRARY = "libc++";
				CLANG_ENABLE_MODULES = YES;
				CLANG_ENABLE_OBJC_ARC = YES;
				CLANG_ENABLE_OBJC_WEAK = YES;
				CLANG_WARN_BLOCK_CAPTURE_AUTORELEASING = YES;
				CLANG_WARN_BOOL_CONVERSION = YES;
				CLANG_WARN_COMMA = YES;
				CLANG_WARN_CONSTANT_CONVERSION = YES;
				CLANG_WARN_DEPRECATED_OBJC_IMPLEMENTATIONS = YES;
				CLANG_WARN_DIRECT_OBJC_ISA_USAGE = YES_ERROR;
				CLANG_WARN_DOCUMENTATION_COMMENTS = YES;
				CLANG_WARN_EMPTY_BODY = YES;
				CLANG_WARN_ENUM_CONVERSION = YES;
				CLANG_WARN_INFINITE_RECURSION = YES;
				CLANG_WARN_INT_CONVERSION = YES;
				CLANG_WARN_NON_LITERAL_NULL_CONVERSION = YES;
				CLANG_WARN_OBJC_IMPLICIT_RETAIN_SELF = YES;
				CLANG_WARN_OBJC_LITERAL_CONVERSION = YES;
				CLANG_WARN_OBJC_ROOT_CLASS = YES_ERROR;
				CLANG_WARN_QUOTED_INCLUDE_IN_FRAMEWORK_HEADER = YES;
				CLANG_WARN_RANGE_LOOP_ANALYSIS = YES;
				CLANG_WARN_STRICT_PROTOTYPES = YES;
				CLANG_WARN_SUSPICIOUS_MOVE = YES;
				CLANG_WARN_UNGUARDED_AVAILABILITY = YES_AGGRESSIVE;
				CLANG_WARN_UNREACHABLE_CODE = YES;
				CLANG_WARN__DUPLICATE_METHOD_MATCH = YES;
				COPY_PHASE_STRIP = NO;
				DEBUG_INFORMATION_FORMAT = dwarf;
				ENABLE_STRICT_OBJC_MSGSEND = YES;
				ENABLE_TESTABILITY = YES;
				GCC_C_LANGUAGE_STANDARD = gnu11;
				GCC_DYNAMIC_NO_PIC = NO;
				GCC_NO_COMMON_BLOCKS = YES;
				GCC_OPTIMIZATION_LEVEL = 0;
				GCC_PREPROCESSOR_DEFINITIONS = (
					"DEBUG=1",
					"$(inherited)",
				);
				GCC_WARN_64_TO_32_BIT_CONVERSION = YES;
				GCC_WARN_ABOUT_RETURN_TYPE = YES_ERROR;
				GCC_WARN_UNDECLARED_SELECTOR = YES;
				GCC_WARN_UNINITIALIZED_AUTOS = YES_AGGRESSIVE;
				GCC_WARN_UNUSED_FUNCTION = YES;
				GCC_WARN_UNUSED_VARIABLE = YES;
				IPHONEOS_DEPLOYMENT_TARGET = 14.3;
				MTL_ENABLE_DEBUG_INFO = INCLUDE_SOURCE;
				MTL_FAST_MATH = YES;
				ONLY_ACTIVE_ARCH = YES;
				SDKROOT = iphoneos;
				SWIFT_ACTIVE_COMPILATION_CONDITIONS = DEBUG;
				SWIFT_OPTIMIZATION_LEVEL = "-Onone";
			};
			name = Debug;
		};
		4C1F092125B8BC330053C4D4 /* Release */ = {
			isa = XCBuildConfiguration;
			buildSettings = {
				ALWAYS_SEARCH_USER_PATHS = NO;
				CLANG_ANALYZER_NONNULL = YES;
				CLANG_ANALYZER_NUMBER_OBJECT_CONVERSION = YES_AGGRESSIVE;
				CLANG_CXX_LANGUAGE_STANDARD = "gnu++14";
				CLANG_CXX_LIBRARY = "libc++";
				CLANG_ENABLE_MODULES = YES;
				CLANG_ENABLE_OBJC_ARC = YES;
				CLANG_ENABLE_OBJC_WEAK = YES;
				CLANG_WARN_BLOCK_CAPTURE_AUTORELEASING = YES;
				CLANG_WARN_BOOL_CONVERSION = YES;
				CLANG_WARN_COMMA = YES;
				CLANG_WARN_CONSTANT_CONVERSION = YES;
				CLANG_WARN_DEPRECATED_OBJC_IMPLEMENTATIONS = YES;
				CLANG_WARN_DIRECT_OBJC_ISA_USAGE = YES_ERROR;
				CLANG_WARN_DOCUMENTATION_COMMENTS = YES;
				CLANG_WARN_EMPTY_BODY = YES;
				CLANG_WARN_ENUM_CONVERSION = YES;
				CLANG_WARN_INFINITE_RECURSION = YES;
				CLANG_WARN_INT_CONVERSION = YES;
				CLANG_WARN_NON_LITERAL_NULL_CONVERSION = YES;
				CLANG_WARN_OBJC_IMPLICIT_RETAIN_SELF = YES;
				CLANG_WARN_OBJC_LITERAL_CONVERSION = YES;
				CLANG_WARN_OBJC_ROOT_CLASS = YES_ERROR;
				CLANG_WARN_QUOTED_INCLUDE_IN_FRAMEWORK_HEADER = YES;
				CLANG_WARN_RANGE_LOOP_ANALYSIS = YES;
				CLANG_WARN_STRICT_PROTOTYPES = YES;
				CLANG_WARN_SUSPICIOUS_MOVE = YES;
				CLANG_WARN_UNGUARDED_AVAILABILITY = YES_AGGRESSIVE;
				CLANG_WARN_UNREACHABLE_CODE = YES;
				CLANG_WARN__DUPLICATE_METHOD_MATCH = YES;
				COPY_PHASE_STRIP = NO;
				DEBUG_INFORMATION_FORMAT = "dwarf-with-dsym";
				ENABLE_NS_ASSERTIONS = NO;
				ENABLE_STRICT_OBJC_MSGSEND = YES;
				GCC_C_LANGUAGE_STANDARD = gnu11;
				GCC_NO_COMMON_BLOCKS = YES;
				GCC_WARN_64_TO_32_BIT_CONVERSION = YES;
				GCC_WARN_ABOUT_RETURN_TYPE = YES_ERROR;
				GCC_WARN_UNDECLARED_SELECTOR = YES;
				GCC_WARN_UNINITIALIZED_AUTOS = YES_AGGRESSIVE;
				GCC_WARN_UNUSED_FUNCTION = YES;
				GCC_WARN_UNUSED_VARIABLE = YES;
				IPHONEOS_DEPLOYMENT_TARGET = 14.3;
				MTL_ENABLE_DEBUG_INFO = NO;
				MTL_FAST_MATH = YES;
				SDKROOT = iphoneos;
				SWIFT_COMPILATION_MODE = wholemodule;
				SWIFT_OPTIMIZATION_LEVEL = "-O";
				VALIDATE_PRODUCT = YES;
			};
			name = Release;
		};
		4C1F092325B8BC330053C4D4 /* Debug */ = {
			isa = XCBuildConfiguration;
			buildSettings = {
				ASSETCATALOG_COMPILER_APPICON_NAME = AppIcon;
				ASSETCATALOG_COMPILER_GLOBAL_ACCENT_COLOR_NAME = AccentColor;
				CODE_SIGN_STYLE = Automatic;
				DEVELOPMENT_TEAM = MLWR3753W4;
				INFOPLIST_FILE = Zaptastic/Info.plist;
				LD_RUNPATH_SEARCH_PATHS = (
					"$(inherited)",
					"@executable_path/Frameworks",
				);
				PRODUCT_BUNDLE_IDENTIFIER = com.eireware.Zaptastic;
				PRODUCT_NAME = "$(TARGET_NAME)";
				SWIFT_VERSION = 5.0;
				TARGETED_DEVICE_FAMILY = 2;
			};
			name = Debug;
		};
		4C1F092425B8BC330053C4D4 /* Release */ = {
			isa = XCBuildConfiguration;
			buildSettings = {
				ASSETCATALOG_COMPILER_APPICON_NAME = AppIcon;
				ASSETCATALOG_COMPILER_GLOBAL_ACCENT_COLOR_NAME = AccentColor;
				CODE_SIGN_STYLE = Automatic;
				DEVELOPMENT_TEAM = MLWR3753W4;
				INFOPLIST_FILE = Zaptastic/Info.plist;
				LD_RUNPATH_SEARCH_PATHS = (
					"$(inherited)",
					"@executable_path/Frameworks",
				);
				PRODUCT_BUNDLE_IDENTIFIER = com.eireware.Zaptastic;
				PRODUCT_NAME = "$(TARGET_NAME)";
				SWIFT_VERSION = 5.0;
				TARGETED_DEVICE_FAMILY = 2;
			};
			name = Release;
		};
/* End XCBuildConfiguration section */

/* Begin XCConfigurationList section */
		4C1F090825B8BC2D0053C4D4 /* Build configuration list for PBXProject "Zaptastic" */ = {
			isa = XCConfigurationList;
			buildConfigurations = (
				4C1F092025B8BC330053C4D4 /* Debug */,
				4C1F092125B8BC330053C4D4 /* Release */,
			);
			defaultConfigurationIsVisible = 0;
			defaultConfigurationName = Release;
		};
		4C1F092225B8BC330053C4D4 /* Build configuration list for PBXNativeTarget "Zaptastic" */ = {
			isa = XCConfigurationList;
			buildConfigurations = (
				4C1F092325B8BC330053C4D4 /* Debug */,
				4C1F092425B8BC330053C4D4 /* Release */,
			);
			defaultConfigurationIsVisible = 0;
			defaultConfigurationName = Release;
		};
/* End XCConfigurationList section */
	};
	rootObject = 4C1F090525B8BC2D0053C4D4 /* Project object */;
}
