// !$*UTF8*$!
{
	archiveVersion = 1;
	classes = {
	};
	objectVersion = 55;
	objects = {

/* Begin PBXBuildFile section */
		4C3DA8BF277BA20200EADF7E /* CoolBeansApp.swift in Sources */ = {isa = PBXBuildFile; fileRef = 4C3DA8BE277BA20200EADF7E /* CoolBeansApp.swift */; };
		4C3DA8C1277BA20200EADF7E /* ContentView.swift in Sources */ = {isa = PBXBuildFile; fileRef = 4C3DA8C0277BA20200EADF7E /* ContentView.swift */; };
		4C3DA8C3277BA20300EADF7E /* Assets.xcassets in Resources */ = {isa = PBXBuildFile; fileRef = 4C3DA8C2277BA20300EADF7E /* Assets.xcassets */; };
		4C3DA8C6277BA20300EADF7E /* Preview Assets.xcassets in Resources */ = {isa = PBXBuildFile; fileRef = 4C3DA8C5277BA20300EADF7E /* Preview Assets.xcassets */; };
		4C3DA8CD277BA25300EADF7E /* menu.json in Resources */ = {isa = PBXBuildFile; fileRef = 4C3DA8CC277BA25300EADF7E /* menu.json */; };
		4C3DA8CF277BA2F000EADF7E /* Drink.swift in Sources */ = {isa = PBXBuildFile; fileRef = 4C3DA8CE277BA2F000EADF7E /* Drink.swift */; };
		4C3DA8D1277BA3D400EADF7E /* MenuSection.swift in Sources */ = {isa = PBXBuildFile; fileRef = 4C3DA8D0277BA3D400EADF7E /* MenuSection.swift */; };
		4C3DA8D3277BA41400EADF7E /* Menu.swift in Sources */ = {isa = PBXBuildFile; fileRef = 4C3DA8D2277BA41400EADF7E /* Menu.swift */; };
		4C3DA8D5277BA6FA00EADF7E /* MenuView.swift in Sources */ = {isa = PBXBuildFile; fileRef = 4C3DA8D4277BA6FA00EADF7E /* MenuView.swift */; };
		4C3DA8D7277BACFA00EADF7E /* CustomiseView.swift in Sources */ = {isa = PBXBuildFile; fileRef = 4C3DA8D6277BACFA00EADF7E /* CustomiseView.swift */; };
		4C3DA8D9277BB18600EADF7E /* ConfigurationOption.swift in Sources */ = {isa = PBXBuildFile; fileRef = 4C3DA8D8277BB18600EADF7E /* ConfigurationOption.swift */; };
		4C3DA8DB277BB70600EADF7E /* Serving.swift in Sources */ = {isa = PBXBuildFile; fileRef = 4C3DA8DA277BB70600EADF7E /* Serving.swift */; };
		4C3DA8DD277BB7C500EADF7E /* FileManager-DocumentsDirectory.swift in Sources */ = {isa = PBXBuildFile; fileRef = 4C3DA8DC277BB7C500EADF7E /* FileManager-DocumentsDirectory.swift */; };
		4C3DA8DF277BB83C00EADF7E /* History.swift in Sources */ = {isa = PBXBuildFile; fileRef = 4C3DA8DE277BB83C00EADF7E /* History.swift */; };
/* End PBXBuildFile section */

/* Begin PBXFileReference section */
		4C3DA8BB277BA20200EADF7E /* CoolBeans.app */ = {isa = PBXFileReference; explicitFileType = wrapper.application; includeInIndex = 0; path = CoolBeans.app; sourceTree = BUILT_PRODUCTS_DIR; };
		4C3DA8BE277BA20200EADF7E /* CoolBeansApp.swift */ = {isa = PBXFileReference; lastKnownFileType = sourcecode.swift; path = CoolBeansApp.swift; sourceTree = "<group>"; };
		4C3DA8C0277BA20200EADF7E /* ContentView.swift */ = {isa = PBXFileReference; lastKnownFileType = sourcecode.swift; path = ContentView.swift; sourceTree = "<group>"; };
		4C3DA8C2277BA20300EADF7E /* Assets.xcassets */ = {isa = PBXFileReference; lastKnownFileType = folder.assetcatalog; path = Assets.xcassets; sourceTree = "<group>"; };
		4C3DA8C5277BA20300EADF7E /* Preview Assets.xcassets */ = {isa = PBXFileReference; lastKnownFileType = folder.assetcatalog; path = "Preview Assets.xcassets"; sourceTree = "<group>"; };
		4C3DA8CC277BA25300EADF7E /* menu.json */ = {isa = PBXFileReference; fileEncoding = 4; lastKnownFileType = text.json; path = menu.json; sourceTree = "<group>"; };
		4C3DA8CE277BA2F000EADF7E /* Drink.swift */ = {isa = PBXFileReference; lastKnownFileType = sourcecode.swift; path = Drink.swift; sourceTree = "<group>"; };
		4C3DA8D0277BA3D400EADF7E /* MenuSection.swift */ = {isa = PBXFileReference; lastKnownFileType = sourcecode.swift; path = MenuSection.swift; sourceTree = "<group>"; };
		4C3DA8D2277BA41400EADF7E /* Menu.swift */ = {isa = PBXFileReference; lastKnownFileType = sourcecode.swift; path = Menu.swift; sourceTree = "<group>"; };
		4C3DA8D4277BA6FA00EADF7E /* MenuView.swift */ = {isa = PBXFileReference; lastKnownFileType = sourcecode.swift; path = MenuView.swift; sourceTree = "<group>"; };
		4C3DA8D6277BACFA00EADF7E /* CustomiseView.swift */ = {isa = PBXFileReference; lastKnownFileType = sourcecode.swift; path = CustomiseView.swift; sourceTree = "<group>"; };
		4C3DA8D8277BB18600EADF7E /* ConfigurationOption.swift */ = {isa = PBXFileReference; lastKnownFileType = sourcecode.swift; path = ConfigurationOption.swift; sourceTree = "<group>"; };
		4C3DA8DA277BB70600EADF7E /* Serving.swift */ = {isa = PBXFileReference; lastKnownFileType = sourcecode.swift; path = Serving.swift; sourceTree = "<group>"; };
		4C3DA8DC277BB7C500EADF7E /* FileManager-DocumentsDirectory.swift */ = {isa = PBXFileReference; lastKnownFileType = sourcecode.swift; path = "FileManager-DocumentsDirectory.swift"; sourceTree = "<group>"; };
		4C3DA8DE277BB83C00EADF7E /* History.swift */ = {isa = PBXFileReference; lastKnownFileType = sourcecode.swift; path = History.swift; sourceTree = "<group>"; };
/* End PBXFileReference section */

/* Begin PBXFrameworksBuildPhase section */
		4C3DA8B8277BA20200EADF7E /* Frameworks */ = {
			isa = PBXFrameworksBuildPhase;
			buildActionMask = 2147483647;
			files = (
			);
			runOnlyForDeploymentPostprocessing = 0;
		};
/* End PBXFrameworksBuildPhase section */

/* Begin PBXGroup section */
		4C3DA8B2277BA20200EADF7E = {
			isa = PBXGroup;
			children = (
				4C3DA8BD277BA20200EADF7E /* CoolBeans */,
				4C3DA8BC277BA20200EADF7E /* Products */,
			);
			sourceTree = "<group>";
		};
		4C3DA8BC277BA20200EADF7E /* Products */ = {
			isa = PBXGroup;
			children = (
				4C3DA8BB277BA20200EADF7E /* CoolBeans.app */,
			);
			name = Products;
			sourceTree = "<group>";
		};
		4C3DA8BD277BA20200EADF7E /* CoolBeans */ = {
			isa = PBXGroup;
			children = (
				4C3DA8BE277BA20200EADF7E /* CoolBeansApp.swift */,
				4C3DA8C0277BA20200EADF7E /* ContentView.swift */,
				4C3DA8D4277BA6FA00EADF7E /* MenuView.swift */,
				4C3DA8D6277BACFA00EADF7E /* CustomiseView.swift */,
				4C3DA8DA277BB70600EADF7E /* Serving.swift */,
				4C3DA8DC277BB7C500EADF7E /* FileManager-DocumentsDirectory.swift */,
				4C3DA8DE277BB83C00EADF7E /* History.swift */,
				4C3DA8CE277BA2F000EADF7E /* Drink.swift */,
				4C3DA8D8277BB18600EADF7E /* ConfigurationOption.swift */,
				4C3DA8D0277BA3D400EADF7E /* MenuSection.swift */,
				4C3DA8D2277BA41400EADF7E /* Menu.swift */,
				4C3DA8CC277BA25300EADF7E /* menu.json */,
				4C3DA8C2277BA20300EADF7E /* Assets.xcassets */,
				4C3DA8C4277BA20300EADF7E /* Preview Content */,
			);
			path = CoolBeans;
			sourceTree = "<group>";
		};
		4C3DA8C4277BA20300EADF7E /* Preview Content */ = {
			isa = PBXGroup;
			children = (
				4C3DA8C5277BA20300EADF7E /* Preview Assets.xcassets */,
			);
			path = "Preview Content";
			sourceTree = "<group>";
		};
/* End PBXGroup section */

/* Begin PBXNativeTarget section */
		4C3DA8BA277BA20200EADF7E /* CoolBeans */ = {
			isa = PBXNativeTarget;
			buildConfigurationList = 4C3DA8C9277BA20300EADF7E /* Build configuration list for PBXNativeTarget "CoolBeans" */;
			buildPhases = (
				4C3DA8B7277BA20200EADF7E /* Sources */,
				4C3DA8B8277BA20200EADF7E /* Frameworks */,
				4C3DA8B9277BA20200EADF7E /* Resources */,
			);
			buildRules = (
			);
			dependencies = (
			);
			name = CoolBeans;
			productName = CoolBeans;
			productReference = 4C3DA8BB277BA20200EADF7E /* CoolBeans.app */;
			productType = "com.apple.product-type.application";
		};
/* End PBXNativeTarget section */

/* Begin PBXProject section */
		4C3DA8B3277BA20200EADF7E /* Project object */ = {
			isa = PBXProject;
			attributes = {
				BuildIndependentTargetsInParallel = 1;
				LastSwiftUpdateCheck = 1320;
				LastUpgradeCheck = 1320;
				TargetAttributes = {
					4C3DA8BA277BA20200EADF7E = {
						CreatedOnToolsVersion = 13.2.1;
					};
				};
			};
			buildConfigurationList = 4C3DA8B6277BA20200EADF7E /* Build configuration list for PBXProject "CoolBeans" */;
			compatibilityVersion = "Xcode 13.0";
			developmentRegion = en;
			hasScannedForEncodings = 0;
			knownRegions = (
				en,
				Base,
			);
			mainGroup = 4C3DA8B2277BA20200EADF7E;
			productRefGroup = 4C3DA8BC277BA20200EADF7E /* Products */;
			projectDirPath = "";
			projectRoot = "";
			targets = (
				4C3DA8BA277BA20200EADF7E /* CoolBeans */,
			);
		};
/* End PBXProject section */

/* Begin PBXResourcesBuildPhase section */
		4C3DA8B9277BA20200EADF7E /* Resources */ = {
			isa = PBXResourcesBuildPhase;
			buildActionMask = 2147483647;
			files = (
				4C3DA8CD277BA25300EADF7E /* menu.json in Resources */,
				4C3DA8C6277BA20300EADF7E /* Preview Assets.xcassets in Resources */,
				4C3DA8C3277BA20300EADF7E /* Assets.xcassets in Resources */,
			);
			runOnlyForDeploymentPostprocessing = 0;
		};
/* End PBXResourcesBuildPhase section */

/* Begin PBXSourcesBuildPhase section */
		4C3DA8B7277BA20200EADF7E /* Sources */ = {
			isa = PBXSourcesBuildPhase;
			buildActionMask = 2147483647;
			files = (
				4C3DA8C1277BA20200EADF7E /* ContentView.swift in Sources */,
				4C3DA8D5277BA6FA00EADF7E /* MenuView.swift in Sources */,
				4C3DA8CF277BA2F000EADF7E /* Drink.swift in Sources */,
				4C3DA8DF277BB83C00EADF7E /* History.swift in Sources */,
				4C3DA8D1277BA3D400EADF7E /* MenuSection.swift in Sources */,
				4C3DA8BF277BA20200EADF7E /* CoolBeansApp.swift in Sources */,
				4C3DA8D9277BB18600EADF7E /* ConfigurationOption.swift in Sources */,
				4C3DA8DD277BB7C500EADF7E /* FileManager-DocumentsDirectory.swift in Sources */,
				4C3DA8D7277BACFA00EADF7E /* CustomiseView.swift in Sources */,
				4C3DA8D3277BA41400EADF7E /* Menu.swift in Sources */,
				4C3DA8DB277BB70600EADF7E /* Serving.swift in Sources */,
			);
			runOnlyForDeploymentPostprocessing = 0;
		};
/* End PBXSourcesBuildPhase section */

/* Begin XCBuildConfiguration section */
		4C3DA8C7277BA20300EADF7E /* Debug */ = {
			isa = XCBuildConfiguration;
			buildSettings = {
				ALWAYS_SEARCH_USER_PATHS = NO;
				CLANG_ANALYZER_NONNULL = YES;
				CLANG_ANALYZER_NUMBER_OBJECT_CONVERSION = YES_AGGRESSIVE;
				CLANG_CXX_LANGUAGE_STANDARD = "gnu++17";
				CLANG_CXX_LIBRARY = "libc++";
				CLANG_ENABLE_MODULES = YES;
				CLANG_ENABLE_OBJC_ARC = YES;
				CLANG_ENABLE_OBJC_WEAK = YES;
				CLANG_WARN_BLOCK_CAPTURE_AUTORELEASING = YES;
				CLANG_WARN_BOOL_CONVERSION = YES;
				CLANG_WARN_COMMA = YES;
				CLANG_WARN_CONSTANT_CONVERSION = YES;
				CLANG_WARN_DEPRECATED_OBJC_IMPLEMENTATIONS = YES;
				CLANG_WARN_DIRECT_OBJC_ISA_USAGE = YES_ERROR;
				CLANG_WARN_DOCUMENTATION_COMMENTS = YES;
				CLANG_WARN_EMPTY_BODY = YES;
				CLANG_WARN_ENUM_CONVERSION = YES;
				CLANG_WARN_INFINITE_RECURSION = YES;
				CLANG_WARN_INT_CONVERSION = YES;
				CLANG_WARN_NON_LITERAL_NULL_CONVERSION = YES;
				CLANG_WARN_OBJC_IMPLICIT_RETAIN_SELF = YES;
				CLANG_WARN_OBJC_LITERAL_CONVERSION = YES;
				CLANG_WARN_OBJC_ROOT_CLASS = YES_ERROR;
				CLANG_WARN_QUOTED_INCLUDE_IN_FRAMEWORK_HEADER = YES;
				CLANG_WARN_RANGE_LOOP_ANALYSIS = YES;
				CLANG_WARN_STRICT_PROTOTYPES = YES;
				CLANG_WARN_SUSPICIOUS_MOVE = YES;
				CLANG_WARN_UNGUARDED_AVAILABILITY = YES_AGGRESSIVE;
				CLANG_WARN_UNREACHABLE_CODE = YES;
				CLANG_WARN__DUPLICATE_METHOD_MATCH = YES;
				COPY_PHASE_STRIP = NO;
				DEBUG_INFORMATION_FORMAT = dwarf;
				ENABLE_STRICT_OBJC_MSGSEND = YES;
				ENABLE_TESTABILITY = YES;
				GCC_C_LANGUAGE_STANDARD = gnu11;
				GCC_DYNAMIC_NO_PIC = NO;
				GCC_NO_COMMON_BLOCKS = YES;
				GCC_OPTIMIZATION_LEVEL = 0;
				GCC_PREPROCESSOR_DEFINITIONS = (
					"DEBUG=1",
					"$(inherited)",
				);
				GCC_WARN_64_TO_32_BIT_CONVERSION = YES;
				GCC_WARN_ABOUT_RETURN_TYPE = YES_ERROR;
				GCC_WARN_UNDECLARED_SELECTOR = YES;
				GCC_WARN_UNINITIALIZED_AUTOS = YES_AGGRESSIVE;
				GCC_WARN_UNUSED_FUNCTION = YES;
				GCC_WARN_UNUSED_VARIABLE = YES;
				IPHONEOS_DEPLOYMENT_TARGET = 15.2;
				MTL_ENABLE_DEBUG_INFO = INCLUDE_SOURCE;
				MTL_FAST_MATH = YES;
				ONLY_ACTIVE_ARCH = YES;
				SDKROOT = iphoneos;
				SWIFT_ACTIVE_COMPILATION_CONDITIONS = DEBUG;
				SWIFT_OPTIMIZATION_LEVEL = "-Onone";
			};
			name = Debug;
		};
		4C3DA8C8277BA20300EADF7E /* Release */ = {
			isa = XCBuildConfiguration;
			buildSettings = {
				ALWAYS_SEARCH_USER_PATHS = NO;
				CLANG_ANALYZER_NONNULL = YES;
				CLANG_ANALYZER_NUMBER_OBJECT_CONVERSION = YES_AGGRESSIVE;
				CLANG_CXX_LANGUAGE_STANDARD = "gnu++17";
				CLANG_CXX_LIBRARY = "libc++";
				CLANG_ENABLE_MODULES = YES;
				CLANG_ENABLE_OBJC_ARC = YES;
				CLANG_ENABLE_OBJC_WEAK = YES;
				CLANG_WARN_BLOCK_CAPTURE_AUTORELEASING = YES;
				CLANG_WARN_BOOL_CONVERSION = YES;
				CLANG_WARN_COMMA = YES;
				CLANG_WARN_CONSTANT_CONVERSION = YES;
				CLANG_WARN_DEPRECATED_OBJC_IMPLEMENTATIONS = YES;
				CLANG_WARN_DIRECT_OBJC_ISA_USAGE = YES_ERROR;
				CLANG_WARN_DOCUMENTATION_COMMENTS = YES;
				CLANG_WARN_EMPTY_BODY = YES;
				CLANG_WARN_ENUM_CONVERSION = YES;
				CLANG_WARN_INFINITE_RECURSION = YES;
				CLANG_WARN_INT_CONVERSION = YES;
				CLANG_WARN_NON_LITERAL_NULL_CONVERSION = YES;
				CLANG_WARN_OBJC_IMPLICIT_RETAIN_SELF = YES;
				CLANG_WARN_OBJC_LITERAL_CONVERSION = YES;
				CLANG_WARN_OBJC_ROOT_CLASS = YES_ERROR;
				CLANG_WARN_QUOTED_INCLUDE_IN_FRAMEWORK_HEADER = YES;
				CLANG_WARN_RANGE_LOOP_ANALYSIS = YES;
				CLANG_WARN_STRICT_PROTOTYPES = YES;
				CLANG_WARN_SUSPICIOUS_MOVE = YES;
				CLANG_WARN_UNGUARDED_AVAILABILITY = YES_AGGRESSIVE;
				CLANG_WARN_UNREACHABLE_CODE = YES;
				CLANG_WARN__DUPLICATE_METHOD_MATCH = YES;
				COPY_PHASE_STRIP = NO;
				DEBUG_INFORMATION_FORMAT = "dwarf-with-dsym";
				ENABLE_NS_ASSERTIONS = NO;
				ENABLE_STRICT_OBJC_MSGSEND = YES;
				GCC_C_LANGUAGE_STANDARD = gnu11;
				GCC_NO_COMMON_BLOCKS = YES;
				GCC_WARN_64_TO_32_BIT_CONVERSION = YES;
				GCC_WARN_ABOUT_RETURN_TYPE = YES_ERROR;
				GCC_WARN_UNDECLARED_SELECTOR = YES;
				GCC_WARN_UNINITIALIZED_AUTOS = YES_AGGRESSIVE;
				GCC_WARN_UNUSED_FUNCTION = YES;
				GCC_WARN_UNUSED_VARIABLE = YES;
				IPHONEOS_DEPLOYMENT_TARGET = 15.2;
				MTL_ENABLE_DEBUG_INFO = NO;
				MTL_FAST_MATH = YES;
				SDKROOT = iphoneos;
				SWIFT_COMPILATION_MODE = wholemodule;
				SWIFT_OPTIMIZATION_LEVEL = "-O";
				VALIDATE_PRODUCT = YES;
			};
			name = Release;
		};
		4C3DA8CA277BA20300EADF7E /* Debug */ = {
			isa = XCBuildConfiguration;
			buildSettings = {
				ASSETCATALOG_COMPILER_APPICON_NAME = AppIcon;
				ASSETCATALOG_COMPILER_GLOBAL_ACCENT_COLOR_NAME = AccentColor;
				CODE_SIGN_STYLE = Automatic;
				CURRENT_PROJECT_VERSION = 1;
				DEVELOPMENT_ASSET_PATHS = "\"CoolBeans/Preview Content\"";
				DEVELOPMENT_TEAM = U77Q6FJLJF;
				ENABLE_PREVIEWS = YES;
				GENERATE_INFOPLIST_FILE = YES;
				INFOPLIST_KEY_UIApplicationSceneManifest_Generation = YES;
				INFOPLIST_KEY_UIApplicationSupportsIndirectInputEvents = YES;
				INFOPLIST_KEY_UILaunchScreen_Generation = YES;
				INFOPLIST_KEY_UISupportedInterfaceOrientations_iPad = "UIInterfaceOrientationPortrait UIInterfaceOrientationPortraitUpsideDown UIInterfaceOrientationLandscapeLeft UIInterfaceOrientationLandscapeRight";
				INFOPLIST_KEY_UISupportedInterfaceOrientations_iPhone = "UIInterfaceOrientationPortrait UIInterfaceOrientationLandscapeLeft UIInterfaceOrientationLandscapeRight";
				LD_RUNPATH_SEARCH_PATHS = (
					"$(inherited)",
					"@executable_path/Frameworks",
				);
				MARKETING_VERSION = 1.0;
				PRODUCT_BUNDLE_IDENTIFIER = com.eireware.CoolBeans;
				PRODUCT_NAME = "$(TARGET_NAME)";
				SWIFT_EMIT_LOC_STRINGS = YES;
				SWIFT_VERSION = 5.0;
				TARGETED_DEVICE_FAMILY = "1,2";
			};
			name = Debug;
		};
		4C3DA8CB277BA20300EADF7E /* Release */ = {
			isa = XCBuildConfiguration;
			buildSettings = {
				ASSETCATALOG_COMPILER_APPICON_NAME = AppIcon;
				ASSETCATALOG_COMPILER_GLOBAL_ACCENT_COLOR_NAME = AccentColor;
				CODE_SIGN_STYLE = Automatic;
				CURRENT_PROJECT_VERSION = 1;
				DEVELOPMENT_ASSET_PATHS = "\"CoolBeans/Preview Content\"";
				DEVELOPMENT_TEAM = U77Q6FJLJF;
				ENABLE_PREVIEWS = YES;
				GENERATE_INFOPLIST_FILE = YES;
				INFOPLIST_KEY_UIApplicationSceneManifest_Generation = YES;
				INFOPLIST_KEY_UIApplicationSupportsIndirectInputEvents = YES;
				INFOPLIST_KEY_UILaunchScreen_Generation = YES;
				INFOPLIST_KEY_UISupportedInterfaceOrientations_iPad = "UIInterfaceOrientationPortrait UIInterfaceOrientationPortraitUpsideDown UIInterfaceOrientationLandscapeLeft UIInterfaceOrientationLandscapeRight";
				INFOPLIST_KEY_UISupportedInterfaceOrientations_iPhone = "UIInterfaceOrientationPortrait UIInterfaceOrientationLandscapeLeft UIInterfaceOrientationLandscapeRight";
				LD_RUNPATH_SEARCH_PATHS = (
					"$(inherited)",
					"@executable_path/Frameworks",
				);
				MARKETING_VERSION = 1.0;
				PRODUCT_BUNDLE_IDENTIFIER = com.eireware.CoolBeans;
				PRODUCT_NAME = "$(TARGET_NAME)";
				SWIFT_EMIT_LOC_STRINGS = YES;
				SWIFT_VERSION = 5.0;
				TARGETED_DEVICE_FAMILY = "1,2";
			};
			name = Release;
		};
/* End XCBuildConfiguration section */

/* Begin XCConfigurationList section */
		4C3DA8B6277BA20200EADF7E /* Build configuration list for PBXProject "CoolBeans" */ = {
			isa = XCConfigurationList;
			buildConfigurations = (
				4C3DA8C7277BA20300EADF7E /* Debug */,
				4C3DA8C8277BA20300EADF7E /* Release */,
			);
			defaultConfigurationIsVisible = 0;
			defaultConfigurationName = Release;
		};
		4C3DA8C9277BA20300EADF7E /* Build configuration list for PBXNativeTarget "CoolBeans" */ = {
			isa = XCConfigurationList;
			buildConfigurations = (
				4C3DA8CA277BA20300EADF7E /* Debug */,
				4C3DA8CB277BA20300EADF7E /* Release */,
			);
			defaultConfigurationIsVisible = 0;
			defaultConfigurationName = Release;
		};
/* End XCConfigurationList section */
	};
	rootObject = 4C3DA8B3277BA20200EADF7E /* Project object */;
}
