// !$*UTF8*$!
{
	archiveVersion = 1;
	classes = {
	};
	objectVersion = 55;
	objects = {

/* Begin PBXBuildFile section */
		4CA0EC55269E28D6005D33E0 /* Carousel1App.swift in Sources */ = {isa = PBXBuildFile; fileRef = 4CA0EC54269E28D6005D33E0 /* Carousel1App.swift */; };
		4CA0EC59269E28DC005D33E0 /* Assets.xcassets in Resources */ = {isa = PBXBuildFile; fileRef = 4CA0EC58269E28DC005D33E0 /* Assets.xcassets */; };
		4CA0EC5C269E28DC005D33E0 /* Preview Assets.xcassets in Resources */ = {isa = PBXBuildFile; fileRef = 4CA0EC5B269E28DC005D33E0 /* Preview Assets.xcassets */; };
		4CA0EC65269E2936005D33E0 /* Home.swift in Sources */ = {isa = PBXBuildFile; fileRef = 4CA0EC64269E2936005D33E0 /* Home.swift */; };
		4CA0EC67269E2AD1005D33E0 /* CustomTabBar.swift in Sources */ = {isa = PBXBuildFile; fileRef = 4CA0EC66269E2AD1005D33E0 /* CustomTabBar.swift */; };
		4CA0EC6A269E32BD005D33E0 /* ForYou.swift in Sources */ = {isa = PBXBuildFile; fileRef = 4CA0EC69269E32BD005D33E0 /* ForYou.swift */; };
		4CA0EC6C269E35DD005D33E0 /* VerticalCarouselList.swift in Sources */ = {isa = PBXBuildFile; fileRef = 4CA0EC6B269E35DD005D33E0 /* VerticalCarouselList.swift */; };
		4CA0EC6E269E39E7005D33E0 /* Movie.swift in Sources */ = {isa = PBXBuildFile; fileRef = 4CA0EC6D269E39E7005D33E0 /* Movie.swift */; };
/* End PBXBuildFile section */

/* Begin PBXFileReference section */
		4CA0EC51269E28D6005D33E0 /* Carousel.app */ = {isa = PBXFileReference; explicitFileType = wrapper.application; includeInIndex = 0; path = Carousel.app; sourceTree = BUILT_PRODUCTS_DIR; };
		4CA0EC54269E28D6005D33E0 /* Carousel1App.swift */ = {isa = PBXFileReference; lastKnownFileType = sourcecode.swift; path = Carousel1App.swift; sourceTree = "<group>"; };
		4CA0EC58269E28DC005D33E0 /* Assets.xcassets */ = {isa = PBXFileReference; lastKnownFileType = folder.assetcatalog; path = Assets.xcassets; sourceTree = "<group>"; };
		4CA0EC5B269E28DC005D33E0 /* Preview Assets.xcassets */ = {isa = PBXFileReference; lastKnownFileType = folder.assetcatalog; path = "Preview Assets.xcassets"; sourceTree = "<group>"; };
		4CA0EC64269E2936005D33E0 /* Home.swift */ = {isa = PBXFileReference; lastKnownFileType = sourcecode.swift; path = Home.swift; sourceTree = "<group>"; };
		4CA0EC66269E2AD1005D33E0 /* CustomTabBar.swift */ = {isa = PBXFileReference; lastKnownFileType = sourcecode.swift; path = CustomTabBar.swift; sourceTree = "<group>"; };
		4CA0EC69269E32BD005D33E0 /* ForYou.swift */ = {isa = PBXFileReference; lastKnownFileType = sourcecode.swift; path = ForYou.swift; sourceTree = "<group>"; };
		4CA0EC6B269E35DD005D33E0 /* VerticalCarouselList.swift */ = {isa = PBXFileReference; lastKnownFileType = sourcecode.swift; path = VerticalCarouselList.swift; sourceTree = "<group>"; };
		4CA0EC6D269E39E7005D33E0 /* Movie.swift */ = {isa = PBXFileReference; lastKnownFileType = sourcecode.swift; path = Movie.swift; sourceTree = "<group>"; };
		4CCF397D269F8B6400B4FDFE /* Carousel-Info.plist */ = {isa = PBXFileReference; lastKnownFileType = text.plist.xml; path = "Carousel-Info.plist"; sourceTree = "<group>"; };
/* End PBXFileReference section */

/* Begin PBXFrameworksBuildPhase section */
		4CA0EC4E269E28D6005D33E0 /* Frameworks */ = {
			isa = PBXFrameworksBuildPhase;
			buildActionMask = 2147483647;
			files = (
			);
			runOnlyForDeploymentPostprocessing = 0;
		};
/* End PBXFrameworksBuildPhase section */

/* Begin PBXGroup section */
		4CA0EC48269E28D6005D33E0 = {
			isa = PBXGroup;
			children = (
				4CCF397D269F8B6400B4FDFE /* Carousel-Info.plist */,
				4CA0EC53269E28D6005D33E0 /* Carousel */,
				4CA0EC52269E28D6005D33E0 /* Products */,
			);
			sourceTree = "<group>";
		};
		4CA0EC52269E28D6005D33E0 /* Products */ = {
			isa = PBXGroup;
			children = (
				4CA0EC51269E28D6005D33E0 /* Carousel.app */,
			);
			name = Products;
			sourceTree = "<group>";
		};
		4CA0EC53269E28D6005D33E0 /* Carousel */ = {
			isa = PBXGroup;
			children = (
				4CA0EC63269E291A005D33E0 /* Model */,
				4CA0EC62269E2910005D33E0 /* View */,
				4CA0EC54269E28D6005D33E0 /* Carousel1App.swift */,
				4CA0EC58269E28DC005D33E0 /* Assets.xcassets */,
				4CA0EC5A269E28DC005D33E0 /* Preview Content */,
			);
			path = Carousel;
			sourceTree = "<group>";
		};
		4CA0EC5A269E28DC005D33E0 /* Preview Content */ = {
			isa = PBXGroup;
			children = (
				4CA0EC5B269E28DC005D33E0 /* Preview Assets.xcassets */,
			);
			path = "Preview Content";
			sourceTree = "<group>";
		};
		4CA0EC62269E2910005D33E0 /* View */ = {
			isa = PBXGroup;
			children = (
				4CA0EC68269E329E005D33E0 /* TabViews */,
				4CA0EC64269E2936005D33E0 /* Home.swift */,
				4CA0EC66269E2AD1005D33E0 /* CustomTabBar.swift */,
				4CA0EC6B269E35DD005D33E0 /* VerticalCarouselList.swift */,
			);
			path = View;
			sourceTree = "<group>";
		};
		4CA0EC63269E291A005D33E0 /* Model */ = {
			isa = PBXGroup;
			children = (
				4CA0EC6D269E39E7005D33E0 /* Movie.swift */,
			);
			path = Model;
			sourceTree = "<group>";
		};
		4CA0EC68269E329E005D33E0 /* TabViews */ = {
			isa = PBXGroup;
			children = (
				4CA0EC69269E32BD005D33E0 /* ForYou.swift */,
			);
			path = TabViews;
			sourceTree = "<group>";
		};
/* End PBXGroup section */

/* Begin PBXNativeTarget section */
		4CA0EC50269E28D6005D33E0 /* Carousel */ = {
			isa = PBXNativeTarget;
			buildConfigurationList = 4CA0EC5F269E28DC005D33E0 /* Build configuration list for PBXNativeTarget "Carousel" */;
			buildPhases = (
				4CA0EC4D269E28D6005D33E0 /* Sources */,
				4CA0EC4E269E28D6005D33E0 /* Frameworks */,
				4CA0EC4F269E28D6005D33E0 /* Resources */,
			);
			buildRules = (
			);
			dependencies = (
			);
			name = Carousel;
			productName = Carousel1;
			productReference = 4CA0EC51269E28D6005D33E0 /* Carousel.app */;
			productType = "com.apple.product-type.application";
		};
/* End PBXNativeTarget section */

/* Begin PBXProject section */
		4CA0EC49269E28D6005D33E0 /* Project object */ = {
			isa = PBXProject;
			attributes = {
				BuildIndependentTargetsInParallel = 1;
				LastSwiftUpdateCheck = 1300;
				LastUpgradeCheck = 1300;
				TargetAttributes = {
					4CA0EC50269E28D6005D33E0 = {
						CreatedOnToolsVersion = 13.0;
					};
				};
			};
			buildConfigurationList = 4CA0EC4C269E28D6005D33E0 /* Build configuration list for PBXProject "Carousel" */;
			compatibilityVersion = "Xcode 13.0";
			developmentRegion = en;
			hasScannedForEncodings = 0;
			knownRegions = (
				en,
				Base,
			);
			mainGroup = 4CA0EC48269E28D6005D33E0;
			productRefGroup = 4CA0EC52269E28D6005D33E0 /* Products */;
			projectDirPath = "";
			projectRoot = "";
			targets = (
				4CA0EC50269E28D6005D33E0 /* Carousel */,
			);
		};
/* End PBXProject section */

/* Begin PBXResourcesBuildPhase section */
		4CA0EC4F269E28D6005D33E0 /* Resources */ = {
			isa = PBXResourcesBuildPhase;
			buildActionMask = 2147483647;
			files = (
				4CA0EC5C269E28DC005D33E0 /* Preview Assets.xcassets in Resources */,
				4CA0EC59269E28DC005D33E0 /* Assets.xcassets in Resources */,
			);
			runOnlyForDeploymentPostprocessing = 0;
		};
/* End PBXResourcesBuildPhase section */

/* Begin PBXSourcesBuildPhase section */
		4CA0EC4D269E28D6005D33E0 /* Sources */ = {
			isa = PBXSourcesBuildPhase;
			buildActionMask = 2147483647;
			files = (
				4CA0EC6E269E39E7005D33E0 /* Movie.swift in Sources */,
				4CA0EC67269E2AD1005D33E0 /* CustomTabBar.swift in Sources */,
				4CA0EC65269E2936005D33E0 /* Home.swift in Sources */,
				4CA0EC55269E28D6005D33E0 /* Carousel1App.swift in Sources */,
				4CA0EC6A269E32BD005D33E0 /* ForYou.swift in Sources */,
				4CA0EC6C269E35DD005D33E0 /* VerticalCarouselList.swift in Sources */,
			);
			runOnlyForDeploymentPostprocessing = 0;
		};
/* End PBXSourcesBuildPhase section */

/* Begin XCBuildConfiguration section */
		4CA0EC5D269E28DC005D33E0 /* Debug */ = {
			isa = XCBuildConfiguration;
			buildSettings = {
				ALWAYS_SEARCH_USER_PATHS = NO;
				CLANG_ANALYZER_NONNULL = YES;
				CLANG_ANALYZER_NUMBER_OBJECT_CONVERSION = YES_AGGRESSIVE;
				CLANG_CXX_LANGUAGE_STANDARD = "gnu++14";
				CLANG_CXX_LIBRARY = "libc++";
				CLANG_ENABLE_MODULES = YES;
				CLANG_ENABLE_OBJC_ARC = YES;
				CLANG_ENABLE_OBJC_WEAK = YES;
				CLANG_WARN_BLOCK_CAPTURE_AUTORELEASING = YES;
				CLANG_WARN_BOOL_CONVERSION = YES;
				CLANG_WARN_COMMA = YES;
				CLANG_WARN_CONSTANT_CONVERSION = YES;
				CLANG_WARN_DEPRECATED_OBJC_IMPLEMENTATIONS = YES;
				CLANG_WARN_DIRECT_OBJC_ISA_USAGE = YES_ERROR;
				CLANG_WARN_DOCUMENTATION_COMMENTS = YES;
				CLANG_WARN_EMPTY_BODY = YES;
				CLANG_WARN_ENUM_CONVERSION = YES;
				CLANG_WARN_INFINITE_RECURSION = YES;
				CLANG_WARN_INT_CONVERSION = YES;
				CLANG_WARN_NON_LITERAL_NULL_CONVERSION = YES;
				CLANG_WARN_OBJC_IMPLICIT_RETAIN_SELF = YES;
				CLANG_WARN_OBJC_LITERAL_CONVERSION = YES;
				CLANG_WARN_OBJC_ROOT_CLASS = YES_ERROR;
				CLANG_WARN_QUOTED_INCLUDE_IN_FRAMEWORK_HEADER = YES;
				CLANG_WARN_RANGE_LOOP_ANALYSIS = YES;
				CLANG_WARN_STRICT_PROTOTYPES = YES;
				CLANG_WARN_SUSPICIOUS_MOVE = YES;
				CLANG_WARN_UNGUARDED_AVAILABILITY = YES_AGGRESSIVE;
				CLANG_WARN_UNREACHABLE_CODE = YES;
				CLANG_WARN__DUPLICATE_METHOD_MATCH = YES;
				COPY_PHASE_STRIP = NO;
				DEBUG_INFORMATION_FORMAT = dwarf;
				ENABLE_STRICT_OBJC_MSGSEND = YES;
				ENABLE_TESTABILITY = YES;
				GCC_C_LANGUAGE_STANDARD = gnu11;
				GCC_DYNAMIC_NO_PIC = NO;
				GCC_NO_COMMON_BLOCKS = YES;
				GCC_OPTIMIZATION_LEVEL = 0;
				GCC_PREPROCESSOR_DEFINITIONS = (
					"DEBUG=1",
					"$(inherited)",
				);
				GCC_WARN_64_TO_32_BIT_CONVERSION = YES;
				GCC_WARN_ABOUT_RETURN_TYPE = YES_ERROR;
				GCC_WARN_UNDECLARED_SELECTOR = YES;
				GCC_WARN_UNINITIALIZED_AUTOS = YES_AGGRESSIVE;
				GCC_WARN_UNUSED_FUNCTION = YES;
				GCC_WARN_UNUSED_VARIABLE = YES;
				IPHONEOS_DEPLOYMENT_TARGET = 15.0;
				MTL_ENABLE_DEBUG_INFO = INCLUDE_SOURCE;
				MTL_FAST_MATH = YES;
				ONLY_ACTIVE_ARCH = YES;
				SDKROOT = iphoneos;
				SWIFT_ACTIVE_COMPILATION_CONDITIONS = DEBUG;
				SWIFT_OPTIMIZATION_LEVEL = "-Onone";
			};
			name = Debug;
		};
		4CA0EC5E269E28DC005D33E0 /* Release */ = {
			isa = XCBuildConfiguration;
			buildSettings = {
				ALWAYS_SEARCH_USER_PATHS = NO;
				CLANG_ANALYZER_NONNULL = YES;
				CLANG_ANALYZER_NUMBER_OBJECT_CONVERSION = YES_AGGRESSIVE;
				CLANG_CXX_LANGUAGE_STANDARD = "gnu++14";
				CLANG_CXX_LIBRARY = "libc++";
				CLANG_ENABLE_MODULES = YES;
				CLANG_ENABLE_OBJC_ARC = YES;
				CLANG_ENABLE_OBJC_WEAK = YES;
				CLANG_WARN_BLOCK_CAPTURE_AUTORELEASING = YES;
				CLANG_WARN_BOOL_CONVERSION = YES;
				CLANG_WARN_COMMA = YES;
				CLANG_WARN_CONSTANT_CONVERSION = YES;
				CLANG_WARN_DEPRECATED_OBJC_IMPLEMENTATIONS = YES;
				CLANG_WARN_DIRECT_OBJC_ISA_USAGE = YES_ERROR;
				CLANG_WARN_DOCUMENTATION_COMMENTS = YES;
				CLANG_WARN_EMPTY_BODY = YES;
				CLANG_WARN_ENUM_CONVERSION = YES;
				CLANG_WARN_INFINITE_RECURSION = YES;
				CLANG_WARN_INT_CONVERSION = YES;
				CLANG_WARN_NON_LITERAL_NULL_CONVERSION = YES;
				CLANG_WARN_OBJC_IMPLICIT_RETAIN_SELF = YES;
				CLANG_WARN_OBJC_LITERAL_CONVERSION = YES;
				CLANG_WARN_OBJC_ROOT_CLASS = YES_ERROR;
				CLANG_WARN_QUOTED_INCLUDE_IN_FRAMEWORK_HEADER = YES;
				CLANG_WARN_RANGE_LOOP_ANALYSIS = YES;
				CLANG_WARN_STRICT_PROTOTYPES = YES;
				CLANG_WARN_SUSPICIOUS_MOVE = YES;
				CLANG_WARN_UNGUARDED_AVAILABILITY = YES_AGGRESSIVE;
				CLANG_WARN_UNREACHABLE_CODE = YES;
				CLANG_WARN__DUPLICATE_METHOD_MATCH = YES;
				COPY_PHASE_STRIP = NO;
				DEBUG_INFORMATION_FORMAT = "dwarf-with-dsym";
				ENABLE_NS_ASSERTIONS = NO;
				ENABLE_STRICT_OBJC_MSGSEND = YES;
				GCC_C_LANGUAGE_STANDARD = gnu11;
				GCC_NO_COMMON_BLOCKS = YES;
				GCC_WARN_64_TO_32_BIT_CONVERSION = YES;
				GCC_WARN_ABOUT_RETURN_TYPE = YES_ERROR;
				GCC_WARN_UNDECLARED_SELECTOR = YES;
				GCC_WARN_UNINITIALIZED_AUTOS = YES_AGGRESSIVE;
				GCC_WARN_UNUSED_FUNCTION = YES;
				GCC_WARN_UNUSED_VARIABLE = YES;
				IPHONEOS_DEPLOYMENT_TARGET = 15.0;
				MTL_ENABLE_DEBUG_INFO = NO;
				MTL_FAST_MATH = YES;
				SDKROOT = iphoneos;
				SWIFT_COMPILATION_MODE = wholemodule;
				SWIFT_OPTIMIZATION_LEVEL = "-O";
				VALIDATE_PRODUCT = YES;
			};
			name = Release;
		};
		4CA0EC60269E28DC005D33E0 /* Debug */ = {
			isa = XCBuildConfiguration;
			buildSettings = {
				ASSETCATALOG_COMPILER_APPICON_NAME = AppIcon;
				ASSETCATALOG_COMPILER_GLOBAL_ACCENT_COLOR_NAME = AccentColor;
				CODE_SIGN_STYLE = Automatic;
				CURRENT_PROJECT_VERSION = 1;
				DEVELOPMENT_ASSET_PATHS = "\"Carousel/Preview Content\"";
				DEVELOPMENT_TEAM = U77Q6FJLJF;
				ENABLE_PREVIEWS = YES;
				GENERATE_INFOPLIST_FILE = YES;
				INFOPLIST_FILE = "Carousel-Info.plist";
				INFOPLIST_KEY_CFBundleExecutable = Carousel;
				INFOPLIST_KEY_CFBundleName = Carousel;
				INFOPLIST_KEY_CFBundleVersion = 1;
				INFOPLIST_KEY_UIApplicationSceneManifest_Generation = YES;
				INFOPLIST_KEY_UIApplicationSupportsIndirectInputEvents = YES;
				INFOPLIST_KEY_UILaunchScreen_Generation = YES;
				INFOPLIST_KEY_UISupportedInterfaceOrientations_iPad = "UIInterfaceOrientationPortrait UIInterfaceOrientationPortraitUpsideDown UIInterfaceOrientationLandscapeLeft UIInterfaceOrientationLandscapeRight";
				INFOPLIST_KEY_UISupportedInterfaceOrientations_iPhone = "UIInterfaceOrientationPortrait UIInterfaceOrientationLandscapeLeft UIInterfaceOrientationLandscapeRight";
				IPHONEOS_DEPLOYMENT_TARGET = 15.0;
				LD_RUNPATH_SEARCH_PATHS = (
					"$(inherited)",
					"@executable_path/Frameworks",
				);
				MARKETING_VERSION = 1.0;
				PRODUCT_BUNDLE_IDENTIFIER = com.eireware.Carousel;
				PRODUCT_NAME = "$(TARGET_NAME)";
				SWIFT_EMIT_LOC_STRINGS = YES;
				SWIFT_VERSION = 5.0;
				TARGETED_DEVICE_FAMILY = 1;
			};
			name = Debug;
		};
		4CA0EC61269E28DC005D33E0 /* Release */ = {
			isa = XCBuildConfiguration;
			buildSettings = {
				ASSETCATALOG_COMPILER_APPICON_NAME = AppIcon;
				ASSETCATALOG_COMPILER_GLOBAL_ACCENT_COLOR_NAME = AccentColor;
				CODE_SIGN_STYLE = Automatic;
				CURRENT_PROJECT_VERSION = 1;
				DEVELOPMENT_ASSET_PATHS = "\"Carousel/Preview Content\"";
				DEVELOPMENT_TEAM = U77Q6FJLJF;
				ENABLE_PREVIEWS = YES;
				GENERATE_INFOPLIST_FILE = YES;
				INFOPLIST_FILE = "Carousel-Info.plist";
				INFOPLIST_KEY_CFBundleExecutable = Carousel;
				INFOPLIST_KEY_CFBundleName = Carousel;
				INFOPLIST_KEY_CFBundleVersion = 1;
				INFOPLIST_KEY_UIApplicationSceneManifest_Generation = YES;
				INFOPLIST_KEY_UIApplicationSupportsIndirectInputEvents = YES;
				INFOPLIST_KEY_UILaunchScreen_Generation = YES;
				INFOPLIST_KEY_UISupportedInterfaceOrientations_iPad = "UIInterfaceOrientationPortrait UIInterfaceOrientationPortraitUpsideDown UIInterfaceOrientationLandscapeLeft UIInterfaceOrientationLandscapeRight";
				INFOPLIST_KEY_UISupportedInterfaceOrientations_iPhone = "UIInterfaceOrientationPortrait UIInterfaceOrientationLandscapeLeft UIInterfaceOrientationLandscapeRight";
				IPHONEOS_DEPLOYMENT_TARGET = 15.0;
				LD_RUNPATH_SEARCH_PATHS = (
					"$(inherited)",
					"@executable_path/Frameworks",
				);
				MARKETING_VERSION = 1.0;
				PRODUCT_BUNDLE_IDENTIFIER = com.eireware.Carousel;
				PRODUCT_NAME = "$(TARGET_NAME)";
				SWIFT_EMIT_LOC_STRINGS = YES;
				SWIFT_VERSION = 5.0;
				TARGETED_DEVICE_FAMILY = 1;
			};
			name = Release;
		};
/* End XCBuildConfiguration section */

/* Begin XCConfigurationList section */
		4CA0EC4C269E28D6005D33E0 /* Build configuration list for PBXProject "Carousel" */ = {
			isa = XCConfigurationList;
			buildConfigurations = (
				4CA0EC5D269E28DC005D33E0 /* Debug */,
				4CA0EC5E269E28DC005D33E0 /* Release */,
			);
			defaultConfigurationIsVisible = 0;
			defaultConfigurationName = Release;
		};
		4CA0EC5F269E28DC005D33E0 /* Build configuration list for PBXNativeTarget "Carousel" */ = {
			isa = XCConfigurationList;
			buildConfigurations = (
				4CA0EC60269E28DC005D33E0 /* Debug */,
				4CA0EC61269E28DC005D33E0 /* Release */,
			);
			defaultConfigurationIsVisible = 0;
			defaultConfigurationName = Release;
		};
/* End XCConfigurationList section */
	};
	rootObject = 4CA0EC49269E28D6005D33E0 /* Project object */;
}
