// !$*UTF8*$!
{
	archiveVersion = 1;
	classes = {
	};
	objectVersion = 50;
	objects = {

/* Begin PBXBuildFile section */
		4C2058882510D36A00184D9D /* ActionSheetApp.swift in Sources */ = {isa = PBXBuildFile; fileRef = 4C2058872510D36A00184D9D /* ActionSheetApp.swift */; };
		4C20588A2510D36A00184D9D /* ContentView.swift in Sources */ = {isa = PBXBuildFile; fileRef = 4C2058892510D36A00184D9D /* ContentView.swift */; };
		4C20588C2510D36F00184D9D /* Assets.xcassets in Resources */ = {isa = PBXBuildFile; fileRef = 4C20588B2510D36F00184D9D /* Assets.xcassets */; };
		4C20588F2510D36F00184D9D /* Preview Assets.xcassets in Resources */ = {isa = PBXBuildFile; fileRef = 4C20588E2510D36F00184D9D /* Preview Assets.xcassets */; };
		4CEA591C2510E0F6001399D2 /* ActionSheetAnimation.gif in Resources */ = {isa = PBXBuildFile; fileRef = 4CEA591B2510E0F6001399D2 /* ActionSheetAnimation.gif */; };
		4CEA59202510E141001399D2 /* README.md in Resources */ = {isa = PBXBuildFile; fileRef = 4CEA591F2510E141001399D2 /* README.md */; };
/* End PBXBuildFile section */

/* Begin PBXFileReference section */
		4C2058842510D36A00184D9D /* ActionSheet.app */ = {isa = PBXFileReference; explicitFileType = wrapper.application; includeInIndex = 0; path = ActionSheet.app; sourceTree = BUILT_PRODUCTS_DIR; };
		4C2058872510D36A00184D9D /* ActionSheetApp.swift */ = {isa = PBXFileReference; lastKnownFileType = sourcecode.swift; path = ActionSheetApp.swift; sourceTree = "<group>"; };
		4C2058892510D36A00184D9D /* ContentView.swift */ = {isa = PBXFileReference; lastKnownFileType = sourcecode.swift; path = ContentView.swift; sourceTree = "<group>"; };
		4C20588B2510D36F00184D9D /* Assets.xcassets */ = {isa = PBXFileReference; lastKnownFileType = folder.assetcatalog; path = Assets.xcassets; sourceTree = "<group>"; };
		4C20588E2510D36F00184D9D /* Preview Assets.xcassets */ = {isa = PBXFileReference; lastKnownFileType = folder.assetcatalog; path = "Preview Assets.xcassets"; sourceTree = "<group>"; };
		4C2058902510D36F00184D9D /* Info.plist */ = {isa = PBXFileReference; lastKnownFileType = text.plist.xml; path = Info.plist; sourceTree = "<group>"; };
		4CEA591B2510E0F6001399D2 /* ActionSheetAnimation.gif */ = {isa = PBXFileReference; lastKnownFileType = image.gif; path = ActionSheetAnimation.gif; sourceTree = SOURCE_ROOT; };
		4CEA591F2510E141001399D2 /* README.md */ = {isa = PBXFileReference; fileEncoding = 4; lastKnownFileType = net.daringfireball.markdown; path = README.md; sourceTree = SOURCE_ROOT; };
/* End PBXFileReference section */

/* Begin PBXFrameworksBuildPhase section */
		4C2058812510D36A00184D9D /* Frameworks */ = {
			isa = PBXFrameworksBuildPhase;
			buildActionMask = 2147483647;
			files = (
			);
			runOnlyForDeploymentPostprocessing = 0;
		};
/* End PBXFrameworksBuildPhase section */

/* Begin PBXGroup section */
		4C20587B2510D36A00184D9D = {
			isa = PBXGroup;
			children = (
				4C2058862510D36A00184D9D /* ActionSheet */,
				4C2058852510D36A00184D9D /* Products */,
			);
			sourceTree = "<group>";
		};
		4C2058852510D36A00184D9D /* Products */ = {
			isa = PBXGroup;
			children = (
				4C2058842510D36A00184D9D /* ActionSheet.app */,
			);
			name = Products;
			sourceTree = "<group>";
		};
		4C2058862510D36A00184D9D /* ActionSheet */ = {
			isa = PBXGroup;
			children = (
				4C2058872510D36A00184D9D /* ActionSheetApp.swift */,
				4C2058892510D36A00184D9D /* ContentView.swift */,
				4CEA591B2510E0F6001399D2 /* ActionSheetAnimation.gif */,
				4CEA591F2510E141001399D2 /* README.md */,
				4C20588B2510D36F00184D9D /* Assets.xcassets */,
				4C2058902510D36F00184D9D /* Info.plist */,
				4C20588D2510D36F00184D9D /* Preview Content */,
			);
			path = ActionSheet;
			sourceTree = "<group>";
		};
		4C20588D2510D36F00184D9D /* Preview Content */ = {
			isa = PBXGroup;
			children = (
				4C20588E2510D36F00184D9D /* Preview Assets.xcassets */,
			);
			path = "Preview Content";
			sourceTree = "<group>";
		};
/* End PBXGroup section */

/* Begin PBXNativeTarget section */
		4C2058832510D36A00184D9D /* ActionSheet */ = {
			isa = PBXNativeTarget;
			buildConfigurationList = 4C2058932510D36F00184D9D /* Build configuration list for PBXNativeTarget "ActionSheet" */;
			buildPhases = (
				4C2058802510D36A00184D9D /* Sources */,
				4C2058812510D36A00184D9D /* Frameworks */,
				4C2058822510D36A00184D9D /* Resources */,
			);
			buildRules = (
			);
			dependencies = (
			);
			name = ActionSheet;
			productName = ActionSheet;
			productReference = 4C2058842510D36A00184D9D /* ActionSheet.app */;
			productType = "com.apple.product-type.application";
		};
/* End PBXNativeTarget section */

/* Begin PBXProject section */
		4C20587C2510D36A00184D9D /* Project object */ = {
			isa = PBXProject;
			attributes = {
				LastSwiftUpdateCheck = 1200;
				LastUpgradeCheck = 1200;
				TargetAttributes = {
					4C2058832510D36A00184D9D = {
						CreatedOnToolsVersion = 12.0;
					};
				};
			};
			buildConfigurationList = 4C20587F2510D36A00184D9D /* Build configuration list for PBXProject "ActionSheet" */;
			compatibilityVersion = "Xcode 9.3";
			developmentRegion = en;
			hasScannedForEncodings = 0;
			knownRegions = (
				en,
				Base,
			);
			mainGroup = 4C20587B2510D36A00184D9D;
			productRefGroup = 4C2058852510D36A00184D9D /* Products */;
			projectDirPath = "";
			projectRoot = "";
			targets = (
				4C2058832510D36A00184D9D /* ActionSheet */,
			);
		};
/* End PBXProject section */

/* Begin PBXResourcesBuildPhase section */
		4C2058822510D36A00184D9D /* Resources */ = {
			isa = PBXResourcesBuildPhase;
			buildActionMask = 2147483647;
			files = (
				4C20588F2510D36F00184D9D /* Preview Assets.xcassets in Resources */,
				4C20588C2510D36F00184D9D /* Assets.xcassets in Resources */,
				4CEA59202510E141001399D2 /* README.md in Resources */,
				4CEA591C2510E0F6001399D2 /* ActionSheetAnimation.gif in Resources */,
			);
			runOnlyForDeploymentPostprocessing = 0;
		};
/* End PBXResourcesBuildPhase section */

/* Begin PBXSourcesBuildPhase section */
		4C2058802510D36A00184D9D /* Sources */ = {
			isa = PBXSourcesBuildPhase;
			buildActionMask = 2147483647;
			files = (
				4C20588A2510D36A00184D9D /* ContentView.swift in Sources */,
				4C2058882510D36A00184D9D /* ActionSheetApp.swift in Sources */,
			);
			runOnlyForDeploymentPostprocessing = 0;
		};
/* End PBXSourcesBuildPhase section */

/* Begin XCBuildConfiguration section */
		4C2058912510D36F00184D9D /* Debug */ = {
			isa = XCBuildConfiguration;
			buildSettings = {
				ALWAYS_SEARCH_USER_PATHS = NO;
				CLANG_ANALYZER_NONNULL = YES;
				CLANG_ANALYZER_NUMBER_OBJECT_CONVERSION = YES_AGGRESSIVE;
				CLANG_CXX_LANGUAGE_STANDARD = "gnu++14";
				CLANG_CXX_LIBRARY = "libc++";
				CLANG_ENABLE_MODULES = YES;
				CLANG_ENABLE_OBJC_ARC = YES;
				CLANG_ENABLE_OBJC_WEAK = YES;
				CLANG_WARN_BLOCK_CAPTURE_AUTORELEASING = YES;
				CLANG_WARN_BOOL_CONVERSION = YES;
				CLANG_WARN_COMMA = YES;
				CLANG_WARN_CONSTANT_CONVERSION = YES;
				CLANG_WARN_DEPRECATED_OBJC_IMPLEMENTATIONS = YES;
				CLANG_WARN_DIRECT_OBJC_ISA_USAGE = YES_ERROR;
				CLANG_WARN_DOCUMENTATION_COMMENTS = YES;
				CLANG_WARN_EMPTY_BODY = YES;
				CLANG_WARN_ENUM_CONVERSION = YES;
				CLANG_WARN_INFINITE_RECURSION = YES;
				CLANG_WARN_INT_CONVERSION = YES;
				CLANG_WARN_NON_LITERAL_NULL_CONVERSION = YES;
				CLANG_WARN_OBJC_IMPLICIT_RETAIN_SELF = YES;
				CLANG_WARN_OBJC_LITERAL_CONVERSION = YES;
				CLANG_WARN_OBJC_ROOT_CLASS = YES_ERROR;
				CLANG_WARN_QUOTED_INCLUDE_IN_FRAMEWORK_HEADER = YES;
				CLANG_WARN_RANGE_LOOP_ANALYSIS = YES;
				CLANG_WARN_STRICT_PROTOTYPES = YES;
				CLANG_WARN_SUSPICIOUS_MOVE = YES;
				CLANG_WARN_UNGUARDED_AVAILABILITY = YES_AGGRESSIVE;
				CLANG_WARN_UNREACHABLE_CODE = YES;
				CLANG_WARN__DUPLICATE_METHOD_MATCH = YES;
				COPY_PHASE_STRIP = NO;
				DEBUG_INFORMATION_FORMAT = dwarf;
				ENABLE_STRICT_OBJC_MSGSEND = YES;
				ENABLE_TESTABILITY = YES;
				GCC_C_LANGUAGE_STANDARD = gnu11;
				GCC_DYNAMIC_NO_PIC = NO;
				GCC_NO_COMMON_BLOCKS = YES;
				GCC_OPTIMIZATION_LEVEL = 0;
				GCC_PREPROCESSOR_DEFINITIONS = (
					"DEBUG=1",
					"$(inherited)",
				);
				GCC_WARN_64_TO_32_BIT_CONVERSION = YES;
				GCC_WARN_ABOUT_RETURN_TYPE = YES_ERROR;
				GCC_WARN_UNDECLARED_SELECTOR = YES;
				GCC_WARN_UNINITIALIZED_AUTOS = YES_AGGRESSIVE;
				GCC_WARN_UNUSED_FUNCTION = YES;
				GCC_WARN_UNUSED_VARIABLE = YES;
				IPHONEOS_DEPLOYMENT_TARGET = 14.0;
				MTL_ENABLE_DEBUG_INFO = INCLUDE_SOURCE;
				MTL_FAST_MATH = YES;
				ONLY_ACTIVE_ARCH = YES;
				SDKROOT = iphoneos;
				SWIFT_ACTIVE_COMPILATION_CONDITIONS = DEBUG;
				SWIFT_OPTIMIZATION_LEVEL = "-Onone";
			};
			name = Debug;
		};
		4C2058922510D36F00184D9D /* Release */ = {
			isa = XCBuildConfiguration;
			buildSettings = {
				ALWAYS_SEARCH_USER_PATHS = NO;
				CLANG_ANALYZER_NONNULL = YES;
				CLANG_ANALYZER_NUMBER_OBJECT_CONVERSION = YES_AGGRESSIVE;
				CLANG_CXX_LANGUAGE_STANDARD = "gnu++14";
				CLANG_CXX_LIBRARY = "libc++";
				CLANG_ENABLE_MODULES = YES;
				CLANG_ENABLE_OBJC_ARC = YES;
				CLANG_ENABLE_OBJC_WEAK = YES;
				CLANG_WARN_BLOCK_CAPTURE_AUTORELEASING = YES;
				CLANG_WARN_BOOL_CONVERSION = YES;
				CLANG_WARN_COMMA = YES;
				CLANG_WARN_CONSTANT_CONVERSION = YES;
				CLANG_WARN_DEPRECATED_OBJC_IMPLEMENTATIONS = YES;
				CLANG_WARN_DIRECT_OBJC_ISA_USAGE = YES_ERROR;
				CLANG_WARN_DOCUMENTATION_COMMENTS = YES;
				CLANG_WARN_EMPTY_BODY = YES;
				CLANG_WARN_ENUM_CONVERSION = YES;
				CLANG_WARN_INFINITE_RECURSION = YES;
				CLANG_WARN_INT_CONVERSION = YES;
				CLANG_WARN_NON_LITERAL_NULL_CONVERSION = YES;
				CLANG_WARN_OBJC_IMPLICIT_RETAIN_SELF = YES;
				CLANG_WARN_OBJC_LITERAL_CONVERSION = YES;
				CLANG_WARN_OBJC_ROOT_CLASS = YES_ERROR;
				CLANG_WARN_QUOTED_INCLUDE_IN_FRAMEWORK_HEADER = YES;
				CLANG_WARN_RANGE_LOOP_ANALYSIS = YES;
				CLANG_WARN_STRICT_PROTOTYPES = YES;
				CLANG_WARN_SUSPICIOUS_MOVE = YES;
				CLANG_WARN_UNGUARDED_AVAILABILITY = YES_AGGRESSIVE;
				CLANG_WARN_UNREACHABLE_CODE = YES;
				CLANG_WARN__DUPLICATE_METHOD_MATCH = YES;
				COPY_PHASE_STRIP = NO;
				DEBUG_INFORMATION_FORMAT = "dwarf-with-dsym";
				ENABLE_NS_ASSERTIONS = NO;
				ENABLE_STRICT_OBJC_MSGSEND = YES;
				GCC_C_LANGUAGE_STANDARD = gnu11;
				GCC_NO_COMMON_BLOCKS = YES;
				GCC_WARN_64_TO_32_BIT_CONVERSION = YES;
				GCC_WARN_ABOUT_RETURN_TYPE = YES_ERROR;
				GCC_WARN_UNDECLARED_SELECTOR = YES;
				GCC_WARN_UNINITIALIZED_AUTOS = YES_AGGRESSIVE;
				GCC_WARN_UNUSED_FUNCTION = YES;
				GCC_WARN_UNUSED_VARIABLE = YES;
				IPHONEOS_DEPLOYMENT_TARGET = 14.0;
				MTL_ENABLE_DEBUG_INFO = NO;
				MTL_FAST_MATH = YES;
				SDKROOT = iphoneos;
				SWIFT_COMPILATION_MODE = wholemodule;
				SWIFT_OPTIMIZATION_LEVEL = "-O";
				VALIDATE_PRODUCT = YES;
			};
			name = Release;
		};
		4C2058942510D36F00184D9D /* Debug */ = {
			isa = XCBuildConfiguration;
			buildSettings = {
				ASSETCATALOG_COMPILER_APPICON_NAME = AppIcon;
				ASSETCATALOG_COMPILER_GLOBAL_ACCENT_COLOR_NAME = AccentColor;
				CODE_SIGN_STYLE = Automatic;
				DEVELOPMENT_ASSET_PATHS = "\"ActionSheet/Preview Content\"";
				DEVELOPMENT_TEAM = U77Q6FJLJF;
				ENABLE_PREVIEWS = YES;
				INFOPLIST_FILE = ActionSheet/Info.plist;
				IPHONEOS_DEPLOYMENT_TARGET = 14.0;
				LD_RUNPATH_SEARCH_PATHS = (
					"$(inherited)",
					"@executable_path/Frameworks",
				);
				PRODUCT_BUNDLE_IDENTIFIER = com.eireware.ActionSheet;
				PRODUCT_NAME = "$(TARGET_NAME)";
				SWIFT_VERSION = 5.0;
				TARGETED_DEVICE_FAMILY = "1,2";
			};
			name = Debug;
		};
		4C2058952510D36F00184D9D /* Release */ = {
			isa = XCBuildConfiguration;
			buildSettings = {
				ASSETCATALOG_COMPILER_APPICON_NAME = AppIcon;
				ASSETCATALOG_COMPILER_GLOBAL_ACCENT_COLOR_NAME = AccentColor;
				CODE_SIGN_STYLE = Automatic;
				DEVELOPMENT_ASSET_PATHS = "\"ActionSheet/Preview Content\"";
				DEVELOPMENT_TEAM = U77Q6FJLJF;
				ENABLE_PREVIEWS = YES;
				INFOPLIST_FILE = ActionSheet/Info.plist;
				IPHONEOS_DEPLOYMENT_TARGET = 14.0;
				LD_RUNPATH_SEARCH_PATHS = (
					"$(inherited)",
					"@executable_path/Frameworks",
				);
				PRODUCT_BUNDLE_IDENTIFIER = com.eireware.ActionSheet;
				PRODUCT_NAME = "$(TARGET_NAME)";
				SWIFT_VERSION = 5.0;
				TARGETED_DEVICE_FAMILY = "1,2";
			};
			name = Release;
		};
/* End XCBuildConfiguration section */

/* Begin XCConfigurationList section */
		4C20587F2510D36A00184D9D /* Build configuration list for PBXProject "ActionSheet" */ = {
			isa = XCConfigurationList;
			buildConfigurations = (
				4C2058912510D36F00184D9D /* Debug */,
				4C2058922510D36F00184D9D /* Release */,
			);
			defaultConfigurationIsVisible = 0;
			defaultConfigurationName = Release;
		};
		4C2058932510D36F00184D9D /* Build configuration list for PBXNativeTarget "ActionSheet" */ = {
			isa = XCConfigurationList;
			buildConfigurations = (
				4C2058942510D36F00184D9D /* Debug */,
				4C2058952510D36F00184D9D /* Release */,
			);
			defaultConfigurationIsVisible = 0;
			defaultConfigurationName = Release;
		};
/* End XCConfigurationList section */
	};
	rootObject = 4C20587C2510D36A00184D9D /* Project object */;
}
