// !$*UTF8*$!
{
	archiveVersion = 1;
	classes = {
	};
	objectVersion = 55;
	objects = {

/* Begin PBXBuildFile section */
		4C06C72B26F128B1009EDCD8 /* BottomCurve.swift in Sources */ = {isa = PBXBuildFile; fileRef = 4C06C72A26F128B1009EDCD8 /* BottomCurve.swift */; };
		4C8D80A226F34EF60052A031 /* SampleCards.swift in Sources */ = {isa = PBXBuildFile; fileRef = 4C8D80A126F34EF60052A031 /* SampleCards.swift */; };
		4CB46CE426EBD1E10092CB3F /* CurvedTabBarApp.swift in Sources */ = {isa = PBXBuildFile; fileRef = 4CB46CE326EBD1E10092CB3F /* CurvedTabBarApp.swift */; };
		4CB46CE626EBD1E10092CB3F /* ContentView.swift in Sources */ = {isa = PBXBuildFile; fileRef = 4CB46CE526EBD1E10092CB3F /* ContentView.swift */; };
		4CB46CE826EBD1E80092CB3F /* Assets.xcassets in Resources */ = {isa = PBXBuildFile; fileRef = 4CB46CE726EBD1E80092CB3F /* Assets.xcassets */; };
		4CB46CEB26EBD1E80092CB3F /* Preview Assets.xcassets in Resources */ = {isa = PBXBuildFile; fileRef = 4CB46CEA26EBD1E80092CB3F /* Preview Assets.xcassets */; };
		4CB46CF526EBD2580092CB3F /* CustomTabBar.swift in Sources */ = {isa = PBXBuildFile; fileRef = 4CB46CF426EBD2580092CB3F /* CustomTabBar.swift */; };
		4CB46CF926EBD7490092CB3F /* MaterialEffect.swift in Sources */ = {isa = PBXBuildFile; fileRef = 4CB46CF826EBD7490092CB3F /* MaterialEffect.swift */; };
/* End PBXBuildFile section */

/* Begin PBXFileReference section */
		4C06C72A26F128B1009EDCD8 /* BottomCurve.swift */ = {isa = PBXFileReference; lastKnownFileType = sourcecode.swift; name = BottomCurve.swift; path = "../../../../../../../../../../Big Sur/Users/xianmo/Developer/Xcode/iOS/_Demos/CurvedTabBar/CurvedTabBar/Views/BottomCurve.swift"; sourceTree = "<group>"; };
		4C8D80A126F34EF60052A031 /* SampleCards.swift */ = {isa = PBXFileReference; lastKnownFileType = sourcecode.swift; name = SampleCards.swift; path = "../../../../../../../../../../Big Sur/Users/xianmo/Developer/Xcode/iOS/_Demos/CurvedTabBar/CurvedTabBar/Views/SampleCards.swift"; sourceTree = "<group>"; };
		4CB46CE026EBD1E10092CB3F /* CurvedTabBar.app */ = {isa = PBXFileReference; explicitFileType = wrapper.application; includeInIndex = 0; path = CurvedTabBar.app; sourceTree = BUILT_PRODUCTS_DIR; };
		4CB46CE326EBD1E10092CB3F /* CurvedTabBarApp.swift */ = {isa = PBXFileReference; lastKnownFileType = sourcecode.swift; path = CurvedTabBarApp.swift; sourceTree = "<group>"; };
		4CB46CE526EBD1E10092CB3F /* ContentView.swift */ = {isa = PBXFileReference; lastKnownFileType = sourcecode.swift; path = ContentView.swift; sourceTree = "<group>"; };
		4CB46CE726EBD1E80092CB3F /* Assets.xcassets */ = {isa = PBXFileReference; lastKnownFileType = folder.assetcatalog; path = Assets.xcassets; sourceTree = "<group>"; };
		4CB46CEA26EBD1E80092CB3F /* Preview Assets.xcassets */ = {isa = PBXFileReference; lastKnownFileType = folder.assetcatalog; path = "Preview Assets.xcassets"; sourceTree = "<group>"; };
		4CB46CF426EBD2580092CB3F /* CustomTabBar.swift */ = {isa = PBXFileReference; lastKnownFileType = sourcecode.swift; path = CustomTabBar.swift; sourceTree = "<group>"; };
		4CB46CF826EBD7490092CB3F /* MaterialEffect.swift */ = {isa = PBXFileReference; lastKnownFileType = sourcecode.swift; path = MaterialEffect.swift; sourceTree = "<group>"; };
/* End PBXFileReference section */

/* Begin PBXFrameworksBuildPhase section */
		4CB46CDD26EBD1E10092CB3F /* Frameworks */ = {
			isa = PBXFrameworksBuildPhase;
			buildActionMask = 2147483647;
			files = (
			);
			runOnlyForDeploymentPostprocessing = 0;
		};
/* End PBXFrameworksBuildPhase section */

/* Begin PBXGroup section */
		4CB46CD726EBD1E10092CB3F = {
			isa = PBXGroup;
			children = (
				4CB46CE226EBD1E10092CB3F /* CurvedTabBar */,
				4CB46CE126EBD1E10092CB3F /* Products */,
			);
			sourceTree = "<group>";
		};
		4CB46CE126EBD1E10092CB3F /* Products */ = {
			isa = PBXGroup;
			children = (
				4CB46CE026EBD1E10092CB3F /* CurvedTabBar.app */,
			);
			name = Products;
			sourceTree = "<group>";
		};
		4CB46CE226EBD1E10092CB3F /* CurvedTabBar */ = {
			isa = PBXGroup;
			children = (
				4CB46CE326EBD1E10092CB3F /* CurvedTabBarApp.swift */,
				4CB46CE526EBD1E10092CB3F /* ContentView.swift */,
				4CB46CF126EBD20B0092CB3F /* Views */,
				4CB46CE726EBD1E80092CB3F /* Assets.xcassets */,
				4CB46CE926EBD1E80092CB3F /* Preview Content */,
			);
			path = CurvedTabBar;
			sourceTree = "<group>";
		};
		4CB46CE926EBD1E80092CB3F /* Preview Content */ = {
			isa = PBXGroup;
			children = (
				4CB46CEA26EBD1E80092CB3F /* Preview Assets.xcassets */,
			);
			path = "Preview Content";
			sourceTree = "<group>";
		};
		4CB46CF126EBD20B0092CB3F /* Views */ = {
			isa = PBXGroup;
			children = (
				4CB46CF426EBD2580092CB3F /* CustomTabBar.swift */,
				4C8D80A126F34EF60052A031 /* SampleCards.swift */,
				4C06C72A26F128B1009EDCD8 /* BottomCurve.swift */,
				4CB46CF826EBD7490092CB3F /* MaterialEffect.swift */,
			);
			path = Views;
			sourceTree = "<group>";
		};
/* End PBXGroup section */

/* Begin PBXNativeTarget section */
		4CB46CDF26EBD1E10092CB3F /* CurvedTabBar */ = {
			isa = PBXNativeTarget;
			buildConfigurationList = 4CB46CEE26EBD1E80092CB3F /* Build configuration list for PBXNativeTarget "CurvedTabBar" */;
			buildPhases = (
				4CB46CDC26EBD1E10092CB3F /* Sources */,
				4CB46CDD26EBD1E10092CB3F /* Frameworks */,
				4CB46CDE26EBD1E10092CB3F /* Resources */,
			);
			buildRules = (
			);
			dependencies = (
			);
			name = CurvedTabBar;
			productName = CurvedTabBar;
			productReference = 4CB46CE026EBD1E10092CB3F /* CurvedTabBar.app */;
			productType = "com.apple.product-type.application";
		};
/* End PBXNativeTarget section */

/* Begin PBXProject section */
		4CB46CD826EBD1E10092CB3F /* Project object */ = {
			isa = PBXProject;
			attributes = {
				BuildIndependentTargetsInParallel = 1;
				LastSwiftUpdateCheck = 1300;
				LastUpgradeCheck = 1300;
				TargetAttributes = {
					4CB46CDF26EBD1E10092CB3F = {
						CreatedOnToolsVersion = 13.0;
					};
				};
			};
			buildConfigurationList = 4CB46CDB26EBD1E10092CB3F /* Build configuration list for PBXProject "CurvedTabBar" */;
			compatibilityVersion = "Xcode 13.0";
			developmentRegion = en;
			hasScannedForEncodings = 0;
			knownRegions = (
				en,
				Base,
			);
			mainGroup = 4CB46CD726EBD1E10092CB3F;
			productRefGroup = 4CB46CE126EBD1E10092CB3F /* Products */;
			projectDirPath = "";
			projectRoot = "";
			targets = (
				4CB46CDF26EBD1E10092CB3F /* CurvedTabBar */,
			);
		};
/* End PBXProject section */

/* Begin PBXResourcesBuildPhase section */
		4CB46CDE26EBD1E10092CB3F /* Resources */ = {
			isa = PBXResourcesBuildPhase;
			buildActionMask = 2147483647;
			files = (
				4CB46CEB26EBD1E80092CB3F /* Preview Assets.xcassets in Resources */,
				4CB46CE826EBD1E80092CB3F /* Assets.xcassets in Resources */,
			);
			runOnlyForDeploymentPostprocessing = 0;
		};
/* End PBXResourcesBuildPhase section */

/* Begin PBXSourcesBuildPhase section */
		4CB46CDC26EBD1E10092CB3F /* Sources */ = {
			isa = PBXSourcesBuildPhase;
			buildActionMask = 2147483647;
			files = (
				4CB46CF526EBD2580092CB3F /* CustomTabBar.swift in Sources */,
				4C8D80A226F34EF60052A031 /* SampleCards.swift in Sources */,
				4CB46CE626EBD1E10092CB3F /* ContentView.swift in Sources */,
				4C06C72B26F128B1009EDCD8 /* BottomCurve.swift in Sources */,
				4CB46CE426EBD1E10092CB3F /* CurvedTabBarApp.swift in Sources */,
				4CB46CF926EBD7490092CB3F /* MaterialEffect.swift in Sources */,
			);
			runOnlyForDeploymentPostprocessing = 0;
		};
/* End PBXSourcesBuildPhase section */

/* Begin XCBuildConfiguration section */
		4CB46CEC26EBD1E80092CB3F /* Debug */ = {
			isa = XCBuildConfiguration;
			buildSettings = {
				ALWAYS_SEARCH_USER_PATHS = NO;
				CLANG_ANALYZER_NONNULL = YES;
				CLANG_ANALYZER_NUMBER_OBJECT_CONVERSION = YES_AGGRESSIVE;
				CLANG_CXX_LANGUAGE_STANDARD = "gnu++17";
				CLANG_CXX_LIBRARY = "libc++";
				CLANG_ENABLE_MODULES = YES;
				CLANG_ENABLE_OBJC_ARC = YES;
				CLANG_ENABLE_OBJC_WEAK = YES;
				CLANG_WARN_BLOCK_CAPTURE_AUTORELEASING = YES;
				CLANG_WARN_BOOL_CONVERSION = YES;
				CLANG_WARN_COMMA = YES;
				CLANG_WARN_CONSTANT_CONVERSION = YES;
				CLANG_WARN_DEPRECATED_OBJC_IMPLEMENTATIONS = YES;
				CLANG_WARN_DIRECT_OBJC_ISA_USAGE = YES_ERROR;
				CLANG_WARN_DOCUMENTATION_COMMENTS = YES;
				CLANG_WARN_EMPTY_BODY = YES;
				CLANG_WARN_ENUM_CONVERSION = YES;
				CLANG_WARN_INFINITE_RECURSION = YES;
				CLANG_WARN_INT_CONVERSION = YES;
				CLANG_WARN_NON_LITERAL_NULL_CONVERSION = YES;
				CLANG_WARN_OBJC_IMPLICIT_RETAIN_SELF = YES;
				CLANG_WARN_OBJC_LITERAL_CONVERSION = YES;
				CLANG_WARN_OBJC_ROOT_CLASS = YES_ERROR;
				CLANG_WARN_QUOTED_INCLUDE_IN_FRAMEWORK_HEADER = YES;
				CLANG_WARN_RANGE_LOOP_ANALYSIS = YES;
				CLANG_WARN_STRICT_PROTOTYPES = YES;
				CLANG_WARN_SUSPICIOUS_MOVE = YES;
				CLANG_WARN_UNGUARDED_AVAILABILITY = YES_AGGRESSIVE;
				CLANG_WARN_UNREACHABLE_CODE = YES;
				CLANG_WARN__DUPLICATE_METHOD_MATCH = YES;
				COPY_PHASE_STRIP = NO;
				DEBUG_INFORMATION_FORMAT = dwarf;
				ENABLE_STRICT_OBJC_MSGSEND = YES;
				ENABLE_TESTABILITY = YES;
				GCC_C_LANGUAGE_STANDARD = gnu11;
				GCC_DYNAMIC_NO_PIC = NO;
				GCC_NO_COMMON_BLOCKS = YES;
				GCC_OPTIMIZATION_LEVEL = 0;
				GCC_PREPROCESSOR_DEFINITIONS = (
					"DEBUG=1",
					"$(inherited)",
				);
				GCC_WARN_64_TO_32_BIT_CONVERSION = YES;
				GCC_WARN_ABOUT_RETURN_TYPE = YES_ERROR;
				GCC_WARN_UNDECLARED_SELECTOR = YES;
				GCC_WARN_UNINITIALIZED_AUTOS = YES_AGGRESSIVE;
				GCC_WARN_UNUSED_FUNCTION = YES;
				GCC_WARN_UNUSED_VARIABLE = YES;
				IPHONEOS_DEPLOYMENT_TARGET = 15.0;
				MTL_ENABLE_DEBUG_INFO = INCLUDE_SOURCE;
				MTL_FAST_MATH = YES;
				ONLY_ACTIVE_ARCH = YES;
				SDKROOT = iphoneos;
				SWIFT_ACTIVE_COMPILATION_CONDITIONS = DEBUG;
				SWIFT_OPTIMIZATION_LEVEL = "-Onone";
			};
			name = Debug;
		};
		4CB46CED26EBD1E80092CB3F /* Release */ = {
			isa = XCBuildConfiguration;
			buildSettings = {
				ALWAYS_SEARCH_USER_PATHS = NO;
				CLANG_ANALYZER_NONNULL = YES;
				CLANG_ANALYZER_NUMBER_OBJECT_CONVERSION = YES_AGGRESSIVE;
				CLANG_CXX_LANGUAGE_STANDARD = "gnu++17";
				CLANG_CXX_LIBRARY = "libc++";
				CLANG_ENABLE_MODULES = YES;
				CLANG_ENABLE_OBJC_ARC = YES;
				CLANG_ENABLE_OBJC_WEAK = YES;
				CLANG_WARN_BLOCK_CAPTURE_AUTORELEASING = YES;
				CLANG_WARN_BOOL_CONVERSION = YES;
				CLANG_WARN_COMMA = YES;
				CLANG_WARN_CONSTANT_CONVERSION = YES;
				CLANG_WARN_DEPRECATED_OBJC_IMPLEMENTATIONS = YES;
				CLANG_WARN_DIRECT_OBJC_ISA_USAGE = YES_ERROR;
				CLANG_WARN_DOCUMENTATION_COMMENTS = YES;
				CLANG_WARN_EMPTY_BODY = YES;
				CLANG_WARN_ENUM_CONVERSION = YES;
				CLANG_WARN_INFINITE_RECURSION = YES;
				CLANG_WARN_INT_CONVERSION = YES;
				CLANG_WARN_NON_LITERAL_NULL_CONVERSION = YES;
				CLANG_WARN_OBJC_IMPLICIT_RETAIN_SELF = YES;
				CLANG_WARN_OBJC_LITERAL_CONVERSION = YES;
				CLANG_WARN_OBJC_ROOT_CLASS = YES_ERROR;
				CLANG_WARN_QUOTED_INCLUDE_IN_FRAMEWORK_HEADER = YES;
				CLANG_WARN_RANGE_LOOP_ANALYSIS = YES;
				CLANG_WARN_STRICT_PROTOTYPES = YES;
				CLANG_WARN_SUSPICIOUS_MOVE = YES;
				CLANG_WARN_UNGUARDED_AVAILABILITY = YES_AGGRESSIVE;
				CLANG_WARN_UNREACHABLE_CODE = YES;
				CLANG_WARN__DUPLICATE_METHOD_MATCH = YES;
				COPY_PHASE_STRIP = NO;
				DEBUG_INFORMATION_FORMAT = "dwarf-with-dsym";
				ENABLE_NS_ASSERTIONS = NO;
				ENABLE_STRICT_OBJC_MSGSEND = YES;
				GCC_C_LANGUAGE_STANDARD = gnu11;
				GCC_NO_COMMON_BLOCKS = YES;
				GCC_WARN_64_TO_32_BIT_CONVERSION = YES;
				GCC_WARN_ABOUT_RETURN_TYPE = YES_ERROR;
				GCC_WARN_UNDECLARED_SELECTOR = YES;
				GCC_WARN_UNINITIALIZED_AUTOS = YES_AGGRESSIVE;
				GCC_WARN_UNUSED_FUNCTION = YES;
				GCC_WARN_UNUSED_VARIABLE = YES;
				IPHONEOS_DEPLOYMENT_TARGET = 15.0;
				MTL_ENABLE_DEBUG_INFO = NO;
				MTL_FAST_MATH = YES;
				SDKROOT = iphoneos;
				SWIFT_COMPILATION_MODE = wholemodule;
				SWIFT_OPTIMIZATION_LEVEL = "-O";
				VALIDATE_PRODUCT = YES;
			};
			name = Release;
		};
		4CB46CEF26EBD1E80092CB3F /* Debug */ = {
			isa = XCBuildConfiguration;
			buildSettings = {
				ASSETCATALOG_COMPILER_APPICON_NAME = AppIcon;
				ASSETCATALOG_COMPILER_GLOBAL_ACCENT_COLOR_NAME = AccentColor;
				CODE_SIGN_STYLE = Automatic;
				CURRENT_PROJECT_VERSION = 1;
				DEVELOPMENT_ASSET_PATHS = "\"CurvedTabBar/Preview Content\"";
				DEVELOPMENT_TEAM = U77Q6FJLJF;
				ENABLE_PREVIEWS = YES;
				GENERATE_INFOPLIST_FILE = YES;
				INFOPLIST_KEY_UIApplicationSceneManifest_Generation = YES;
				INFOPLIST_KEY_UIApplicationSupportsIndirectInputEvents = YES;
				INFOPLIST_KEY_UILaunchScreen_Generation = YES;
				INFOPLIST_KEY_UISupportedInterfaceOrientations_iPad = "UIInterfaceOrientationPortrait UIInterfaceOrientationPortraitUpsideDown UIInterfaceOrientationLandscapeLeft UIInterfaceOrientationLandscapeRight";
				INFOPLIST_KEY_UISupportedInterfaceOrientations_iPhone = "UIInterfaceOrientationPortrait UIInterfaceOrientationLandscapeLeft UIInterfaceOrientationLandscapeRight";
				IPHONEOS_DEPLOYMENT_TARGET = 15.0;
				LD_RUNPATH_SEARCH_PATHS = (
					"$(inherited)",
					"@executable_path/Frameworks",
				);
				MARKETING_VERSION = 1.0;
				PRODUCT_BUNDLE_IDENTIFIER = com.eireware.CurvedTabBar;
				PRODUCT_NAME = "$(TARGET_NAME)";
				SWIFT_EMIT_LOC_STRINGS = YES;
				SWIFT_VERSION = 5.0;
				TARGETED_DEVICE_FAMILY = 1;
			};
			name = Debug;
		};
		4CB46CF026EBD1E80092CB3F /* Release */ = {
			isa = XCBuildConfiguration;
			buildSettings = {
				ASSETCATALOG_COMPILER_APPICON_NAME = AppIcon;
				ASSETCATALOG_COMPILER_GLOBAL_ACCENT_COLOR_NAME = AccentColor;
				CODE_SIGN_STYLE = Automatic;
				CURRENT_PROJECT_VERSION = 1;
				DEVELOPMENT_ASSET_PATHS = "\"CurvedTabBar/Preview Content\"";
				DEVELOPMENT_TEAM = U77Q6FJLJF;
				ENABLE_PREVIEWS = YES;
				GENERATE_INFOPLIST_FILE = YES;
				INFOPLIST_KEY_UIApplicationSceneManifest_Generation = YES;
				INFOPLIST_KEY_UIApplicationSupportsIndirectInputEvents = YES;
				INFOPLIST_KEY_UILaunchScreen_Generation = YES;
				INFOPLIST_KEY_UISupportedInterfaceOrientations_iPad = "UIInterfaceOrientationPortrait UIInterfaceOrientationPortraitUpsideDown UIInterfaceOrientationLandscapeLeft UIInterfaceOrientationLandscapeRight";
				INFOPLIST_KEY_UISupportedInterfaceOrientations_iPhone = "UIInterfaceOrientationPortrait UIInterfaceOrientationLandscapeLeft UIInterfaceOrientationLandscapeRight";
				IPHONEOS_DEPLOYMENT_TARGET = 15.0;
				LD_RUNPATH_SEARCH_PATHS = (
					"$(inherited)",
					"@executable_path/Frameworks",
				);
				MARKETING_VERSION = 1.0;
				PRODUCT_BUNDLE_IDENTIFIER = com.eireware.CurvedTabBar;
				PRODUCT_NAME = "$(TARGET_NAME)";
				SWIFT_EMIT_LOC_STRINGS = YES;
				SWIFT_VERSION = 5.0;
				TARGETED_DEVICE_FAMILY = 1;
			};
			name = Release;
		};
/* End XCBuildConfiguration section */

/* Begin XCConfigurationList section */
		4CB46CDB26EBD1E10092CB3F /* Build configuration list for PBXProject "CurvedTabBar" */ = {
			isa = XCConfigurationList;
			buildConfigurations = (
				4CB46CEC26EBD1E80092CB3F /* Debug */,
				4CB46CED26EBD1E80092CB3F /* Release */,
			);
			defaultConfigurationIsVisible = 0;
			defaultConfigurationName = Release;
		};
		4CB46CEE26EBD1E80092CB3F /* Build configuration list for PBXNativeTarget "CurvedTabBar" */ = {
			isa = XCConfigurationList;
			buildConfigurations = (
				4CB46CEF26EBD1E80092CB3F /* Debug */,
				4CB46CF026EBD1E80092CB3F /* Release */,
			);
			defaultConfigurationIsVisible = 0;
			defaultConfigurationName = Release;
		};
/* End XCConfigurationList section */
	};
	rootObject = 4CB46CD826EBD1E10092CB3F /* Project object */;
}
